// !$*UTF8*$!
{
	archiveVersion = 1;
	classes = {
	};
	objectVersion = 50;
	objects = {

/* Begin PBXBuildFile section */
		015512B7743FA9C86DCA937F /* Pods_Portail_G9Tests.framework in Frameworks */ = {isa = PBXBuildFile; fileRef = 82B963CBE50B6702C99AADCA /* Pods_Portail_G9Tests.framework */; };
		791928EEF4006C1C5CF601E9 /* Pods_Portail_G9.framework in Frameworks */ = {isa = PBXBuildFile; fileRef = 87438E7C58B6365E0D815C37 /* Pods_Portail_G9.framework */; };
		99E5A4A6CFCA132DA8055239 /* Pods_Portail_G9UITests.framework in Frameworks */ = {isa = PBXBuildFile; fileRef = BC1A6C8736F3DAAF1750CFDD /* Pods_Portail_G9UITests.framework */; };
		FB0268C62297C9B90065DB0F /* IndicateurKPIGrid.swift in Sources */ = {isa = PBXBuildFile; fileRef = FB0268C52297C9B90065DB0F /* IndicateurKPIGrid.swift */; };
		FB02ACF12236993600843B66 /* UIColorExtension.swift in Sources */ = {isa = PBXBuildFile; fileRef = FB02ACEA2236993600843B66 /* UIColorExtension.swift */; };
		FB02ACF22236993600843B66 /* ColorPickerView.swift in Sources */ = {isa = PBXBuildFile; fileRef = FB02ACEB2236993600843B66 /* ColorPickerView.swift */; };
		FB02ACF32236993600843B66 /* ColorSpaceConverter.swift in Sources */ = {isa = PBXBuildFile; fileRef = FB02ACEC2236993600843B66 /* ColorSpaceConverter.swift */; };
		FB02ACF42236993600843B66 /* RGB.swift in Sources */ = {isa = PBXBuildFile; fileRef = FB02ACED2236993600843B66 /* RGB.swift */; };
		FB02ACF52236993600843B66 /* ColorPickerViewDelegate.swift in Sources */ = {isa = PBXBuildFile; fileRef = FB02ACEE2236993600843B66 /* ColorPickerViewDelegate.swift */; };
		FB02ACF62236993600843B66 /* Info.plist in Resources */ = {isa = PBXBuildFile; fileRef = FB02ACEF2236993600843B66 /* Info.plist */; };
		FB02ACF72236993600843B66 /* HSB.swift in Sources */ = {isa = PBXBuildFile; fileRef = FB02ACF02236993600843B66 /* HSB.swift */; };
		FB02ACFD2236A6C100843B66 /* ColorEditorViewController.swift in Sources */ = {isa = PBXBuildFile; fileRef = FB02ACFC2236A6C100843B66 /* ColorEditorViewController.swift */; };
		FB05221622084B27000556E1 /* FiltreCollectionViewCell.swift in Sources */ = {isa = PBXBuildFile; fileRef = FB05221522084B27000556E1 /* FiltreCollectionViewCell.swift */; };
		FB05221822084CAE000556E1 /* FiltreView.swift in Sources */ = {isa = PBXBuildFile; fileRef = FB05221722084CAE000556E1 /* FiltreView.swift */; };
		FB0BC51A22B39EF2002B6C0D /* Famille.swift in Sources */ = {isa = PBXBuildFile; fileRef = FB0BC51922B39EF2002B6C0D /* Famille.swift */; };
		FB0E0F7422003E3F0043E345 /* GoogleService-Info.plist in Resources */ = {isa = PBXBuildFile; fileRef = FB0E0F7322003E3F0043E345 /* GoogleService-Info.plist */; };
		FB0E0F7D220047990043E345 /* Utils.swift in Sources */ = {isa = PBXBuildFile; fileRef = FB0E0F7C220047990043E345 /* Utils.swift */; };
		FB0E0F7F220047A90043E345 /* Version.swift in Sources */ = {isa = PBXBuildFile; fileRef = FB0E0F7E220047A90043E345 /* Version.swift */; };
		FB0E0F8222005BCF0043E345 /* AuthentificationViewController.swift in Sources */ = {isa = PBXBuildFile; fileRef = FB0E0F8122005BCF0043E345 /* AuthentificationViewController.swift */; };
		FB0E0F8422005BE40043E345 /* HomeViewController.swift in Sources */ = {isa = PBXBuildFile; fileRef = FB0E0F8322005BE40043E345 /* HomeViewController.swift */; };
		FB0E0F8922005DAD0043E345 /* Localizable.strings in Resources */ = {isa = PBXBuildFile; fileRef = FB0E0F8722005DAD0043E345 /* Localizable.strings */; };
		FB0FA023225B845100B2B2A9 /* ListePiliersWSResponse.swift in Sources */ = {isa = PBXBuildFile; fileRef = FB0FA022225B845100B2B2A9 /* ListePiliersWSResponse.swift */; };
		FB0FA027225B8E4100B2B2A9 /* QuestionPiliersWSResponse.swift in Sources */ = {isa = PBXBuildFile; fileRef = FB0FA026225B8E4100B2B2A9 /* QuestionPiliersWSResponse.swift */; };
		FB0FA029225B915C00B2B2A9 /* QuestionPilier.swift in Sources */ = {isa = PBXBuildFile; fileRef = FB0FA028225B915C00B2B2A9 /* QuestionPilier.swift */; };
		FB2F791922B921CC0039AF0B /* CategorieFamille.swift in Sources */ = {isa = PBXBuildFile; fileRef = FB2F791822B921CC0039AF0B /* CategorieFamille.swift */; };
		FB2F791B22B921E70039AF0B /* KPICategorieFamille.swift in Sources */ = {isa = PBXBuildFile; fileRef = FB2F791A22B921E70039AF0B /* KPICategorieFamille.swift */; };
		FB2F791D22B9300B0039AF0B /* GetActionPlansWSResponse.swift in Sources */ = {isa = PBXBuildFile; fileRef = FB2F791C22B9300B0039AF0B /* GetActionPlansWSResponse.swift */; };
		FB44EEF62255FD4700C98638 /* PiliersProcessViewController.swift in Sources */ = {isa = PBXBuildFile; fileRef = FB44EEF52255FD4700C98638 /* PiliersProcessViewController.swift */; };
		FB44EEF82255FD6E00C98638 /* ListeQuestionPilierViewController.swift in Sources */ = {isa = PBXBuildFile; fileRef = FB44EEF72255FD6E00C98638 /* ListeQuestionPilierViewController.swift */; };
		FB44EEFA2255FF5700C98638 /* Pilier.swift in Sources */ = {isa = PBXBuildFile; fileRef = FB44EEF92255FF5700C98638 /* Pilier.swift */; };
		FB44EEFC225601FC00C98638 /* ListePilierTableViewCell.swift in Sources */ = {isa = PBXBuildFile; fileRef = FB44EEFB225601FC00C98638 /* ListePilierTableViewCell.swift */; };
		FB44EEFE225602FB00C98638 /* ItemQuestionPilier.swift in Sources */ = {isa = PBXBuildFile; fileRef = FB44EEFD225602FB00C98638 /* ItemQuestionPilier.swift */; };
		FB44EF002256061100C98638 /* ListeQuestionPilierTableViewCell.swift in Sources */ = {isa = PBXBuildFile; fileRef = FB44EEFF2256061100C98638 /* ListeQuestionPilierTableViewCell.swift */; };
		FB4A6A3622267731001AC448 /* BoardCollectionViewController.swift in Sources */ = {isa = PBXBuildFile; fileRef = FB4A6A3522267731001AC448 /* BoardCollectionViewController.swift */; };
		FB4A6A3822267746001AC448 /* Board.swift in Sources */ = {isa = PBXBuildFile; fileRef = FB4A6A3722267746001AC448 /* Board.swift */; };
		FB4A6A3A22267758001AC448 /* BoardCollectionViewCell.swift in Sources */ = {isa = PBXBuildFile; fileRef = FB4A6A3922267758001AC448 /* BoardCollectionViewCell.swift */; };
		FB4A6A4522267DCB001AC448 /* LICENSE in Resources */ = {isa = PBXBuildFile; fileRef = FB4A6A3C22267DCB001AC448 /* LICENSE */; };
		FB4A6A4622267DCB001AC448 /* README.md in Resources */ = {isa = PBXBuildFile; fileRef = FB4A6A3D22267DCB001AC448 /* README.md */; };
		FB4A6A4722267DCB001AC448 /* AAChartView.swift in Sources */ = {isa = PBXBuildFile; fileRef = FB4A6A4022267DCB001AC448 /* AAChartView.swift */; };
		FB4A6A4822267DCB001AC448 /* AAChartModel.swift in Sources */ = {isa = PBXBuildFile; fileRef = FB4A6A4122267DCB001AC448 /* AAChartModel.swift */; };
		FB4A6A4922267DCB001AC448 /* AASerializable.swift in Sources */ = {isa = PBXBuildFile; fileRef = FB4A6A4222267DCB001AC448 /* AASerializable.swift */; };
		FB4A6A4A22267DCB001AC448 /* AASeriesElement.swift in Sources */ = {isa = PBXBuildFile; fileRef = FB4A6A4322267DCB001AC448 /* AASeriesElement.swift */; };
		FB4A6A4B22267DCB001AC448 /* AAJSFiles.bundle in Resources */ = {isa = PBXBuildFile; fileRef = FB4A6A4422267DCB001AC448 /* AAJSFiles.bundle */; };
		FB4A6A4D22267DF8001AC448 /* ProcessRadarViewController.swift in Sources */ = {isa = PBXBuildFile; fileRef = FB4A6A4C22267DF8001AC448 /* ProcessRadarViewController.swift */; };
		FB4A6A4F22267FC3001AC448 /* ReportingViewController.swift in Sources */ = {isa = PBXBuildFile; fileRef = FB4A6A4E22267FC3001AC448 /* ReportingViewController.swift */; };
		FB503B14223666EF006C4D90 /* DocumentViewController.swift in Sources */ = {isa = PBXBuildFile; fileRef = FB503B13223666EF006C4D90 /* DocumentViewController.swift */; };
		FB569661226478F0002B61A9 /* MonthQuestionPilier.swift in Sources */ = {isa = PBXBuildFile; fileRef = FB569660226478F0002B61A9 /* MonthQuestionPilier.swift */; };
		FB5B331722686ADC00CD9F80 /* UpdateQuestionPilierViewController.swift in Sources */ = {isa = PBXBuildFile; fileRef = FB5B331622686ADC00CD9F80 /* UpdateQuestionPilierViewController.swift */; };
		FB629390224A749500FFEA10 /* AddFileTacheViewController.swift in Sources */ = {isa = PBXBuildFile; fileRef = FB62938F224A749500FFEA10 /* AddFileTacheViewController.swift */; };
		FB6469FE221188C200084D7F /* Utilisateur.swift in Sources */ = {isa = PBXBuildFile; fileRef = FB6469FC221188C200084D7F /* Utilisateur.swift */; };
		FB6469FF221188C200084D7F /* UtilisateurResponseWSAuth.swift in Sources */ = {isa = PBXBuildFile; fileRef = FB6469FD221188C200084D7F /* UtilisateurResponseWSAuth.swift */; };
		FB646A01221189A100084D7F /* WSQueries.swift in Sources */ = {isa = PBXBuildFile; fileRef = FB646A00221189A100084D7F /* WSQueries.swift */; };
		FB682DBD2211ADF3001DE572 /* DataUserResponseWSAuth.swift in Sources */ = {isa = PBXBuildFile; fileRef = FB682DBC2211ADF3001DE572 /* DataUserResponseWSAuth.swift */; };
		FB70A4952292AC670041E090 /* AccueilViewController.swift in Sources */ = {isa = PBXBuildFile; fileRef = FB70A4942292AC670041E090 /* AccueilViewController.swift */; };
		FB70A4972292B5410041E090 /* MenuLayout.swift in Sources */ = {isa = PBXBuildFile; fileRef = FB70A4962292B5410041E090 /* MenuLayout.swift */; };
		FB70A4992292B54C0041E090 /* HomeCollectionViewCell.swift in Sources */ = {isa = PBXBuildFile; fileRef = FB70A4982292B54C0041E090 /* HomeCollectionViewCell.swift */; };
		FB70A49B2292CFEF0041E090 /* AccountViewController.swift in Sources */ = {isa = PBXBuildFile; fileRef = FB70A49A2292CFEF0041E090 /* AccountViewController.swift */; };
		FB720EE82223F2A100D0920F /* IndicateurKPISection.swift in Sources */ = {isa = PBXBuildFile; fileRef = FB720EE72223F2A100D0920F /* IndicateurKPISection.swift */; };
		FB74033F2293D7A000438F7B /* ListeIndicateurTableViewCell.swift in Sources */ = {isa = PBXBuildFile; fileRef = FB74033E2293D7A000438F7B /* ListeIndicateurTableViewCell.swift */; };
		FB75543722BD143500A52CA2 /* Direction.swift in Sources */ = {isa = PBXBuildFile; fileRef = FB75543622BD143500A52CA2 /* Direction.swift */; };
		FB7FFB3F2296B95800D2F3E0 /* StickyGridCollectionViewLayout.swift in Sources */ = {isa = PBXBuildFile; fileRef = FB7FFB3E2296B95800D2F3E0 /* StickyGridCollectionViewLayout.swift */; };
		FB8831D12293D5AD0021D03D /* ListeIndicateursViewController.swift in Sources */ = {isa = PBXBuildFile; fileRef = FB8831D02293D5AD0021D03D /* ListeIndicateursViewController.swift */; };
		FBB9318B224E2FE500E28751 /* TacheForceTerrainWSResponse.swift in Sources */ = {isa = PBXBuildFile; fileRef = FBB9318A224E2FE500E28751 /* TacheForceTerrainWSResponse.swift */; };
		FBB9318D224E34E700E28751 /* DataTask.swift in Sources */ = {isa = PBXBuildFile; fileRef = FBB9318C224E34E700E28751 /* DataTask.swift */; };
		FBC68560225BA0E900A60E1A /* QuestionPilierTableViewCell.swift in Sources */ = {isa = PBXBuildFile; fileRef = FBC6855F225BA0E900A60E1A /* QuestionPilierTableViewCell.swift */; };
		FBCDF9DC22086FE200BDA0F8 /* FiltreMenuViewController.swift in Sources */ = {isa = PBXBuildFile; fileRef = FBCDF9DB22086FE200BDA0F8 /* FiltreMenuViewController.swift */; };
		FBD2AFE72231132700D9D517 /* DataForceTerrainToDoListWSResponse.swift in Sources */ = {isa = PBXBuildFile; fileRef = FBD2AFE62231132700D9D517 /* DataForceTerrainToDoListWSResponse.swift */; };
		FBD2AFE9223150FE00D9D517 /* CheckList.swift in Sources */ = {isa = PBXBuildFile; fileRef = FBD2AFE8223150FE00D9D517 /* CheckList.swift */; };
		FBD2AFEB2231513900D9D517 /* Comment.swift in Sources */ = {isa = PBXBuildFile; fileRef = FBD2AFEA2231513900D9D517 /* Comment.swift */; };
		FBD2AFED2231539C00D9D517 /* File.swift in Sources */ = {isa = PBXBuildFile; fileRef = FBD2AFEC2231539C00D9D517 /* File.swift */; };
		FBE2EC682201EFD9004B44DF /* MenuTableViewCell.swift in Sources */ = {isa = PBXBuildFile; fileRef = FBE2EC662201EFD9004B44DF /* MenuTableViewCell.swift */; };
		FBE2EC692201EFD9004B44DF /* LeftMenuViewController.swift in Sources */ = {isa = PBXBuildFile; fileRef = FBE2EC672201EFD9004B44DF /* LeftMenuViewController.swift */; };
		FBE2EC6B2201F006004B44DF /* ExampleData.swift in Sources */ = {isa = PBXBuildFile; fileRef = FBE2EC6A2201F006004B44DF /* ExampleData.swift */; };
		FBE2EC6D2201F064004B44DF /* CustomCell.swift in Sources */ = {isa = PBXBuildFile; fileRef = FBE2EC6C2201F064004B44DF /* CustomCell.swift */; };
		FBE63E0C2212AA390027F6E2 /* Langue.swift in Sources */ = {isa = PBXBuildFile; fileRef = FBE63E0B2212AA390027F6E2 /* Langue.swift */; };
		FBE63E0E2212AC0D0027F6E2 /* Pays.swift in Sources */ = {isa = PBXBuildFile; fileRef = FBE63E0D2212AC0D0027F6E2 /* Pays.swift */; };
		FBE63E102212AC790027F6E2 /* Zone.swift in Sources */ = {isa = PBXBuildFile; fileRef = FBE63E0F2212AC790027F6E2 /* Zone.swift */; };
		FBE63E122212AC840027F6E2 /* Groupe.swift in Sources */ = {isa = PBXBuildFile; fileRef = FBE63E112212AC840027F6E2 /* Groupe.swift */; };
		FBE63E142212B08C0027F6E2 /* Dealer.swift in Sources */ = {isa = PBXBuildFile; fileRef = FBE63E132212B08C0027F6E2 /* Dealer.swift */; };
		FBE63E162212B3740027F6E2 /* DataUtilesWSResponse.swift in Sources */ = {isa = PBXBuildFile; fileRef = FBE63E152212B3740027F6E2 /* DataUtilesWSResponse.swift */; };
		FBE63E182212B5410027F6E2 /* DataUtiles.swift in Sources */ = {isa = PBXBuildFile; fileRef = FBE63E172212B5410027F6E2 /* DataUtiles.swift */; };
		FBE63E1A2212C1C70027F6E2 /* DataRadarWSResponse.swift in Sources */ = {isa = PBXBuildFile; fileRef = FBE63E192212C1C70027F6E2 /* DataRadarWSResponse.swift */; };
		FBE63E1C2212C2060027F6E2 /* DataRadar.swift in Sources */ = {isa = PBXBuildFile; fileRef = FBE63E1B2212C2060027F6E2 /* DataRadar.swift */; };
		FBE9EC3E222E5BB900D4F6A0 /* Tache.swift in Sources */ = {isa = PBXBuildFile; fileRef = FBE9EC3D222E5BB900D4F6A0 /* Tache.swift */; };
		FBE9EC40222E5C4D00D4F6A0 /* DetailsTacheViewController.swift in Sources */ = {isa = PBXBuildFile; fileRef = FBE9EC3F222E5C4D00D4F6A0 /* DetailsTacheViewController.swift */; };
		FBE9EC44222E72D000D4F6A0 /* ControleTableViewCell.swift in Sources */ = {isa = PBXBuildFile; fileRef = FBE9EC43222E72D000D4F6A0 /* ControleTableViewCell.swift */; };
		FBE9EC46222E72E200D4F6A0 /* FichierTableViewCell.swift in Sources */ = {isa = PBXBuildFile; fileRef = FBE9EC45222E72E200D4F6A0 /* FichierTableViewCell.swift */; };
		FBE9EC48222E72F100D4F6A0 /* CommentaireTableViewCell.swift in Sources */ = {isa = PBXBuildFile; fileRef = FBE9EC47222E72F100D4F6A0 /* CommentaireTableViewCell.swift */; };
		FBF02012223B993B0076E9E6 /* HeaderDetailsTableViewCell.swift in Sources */ = {isa = PBXBuildFile; fileRef = FBF02011223B993B0076E9E6 /* HeaderDetailsTableViewCell.swift */; };
		FBF02014223BA3710076E9E6 /* AddCommentaireTacheViewController.swift in Sources */ = {isa = PBXBuildFile; fileRef = FBF02013223BA3710076E9E6 /* AddCommentaireTacheViewController.swift */; };
		FBF02016223BA9A30076E9E6 /* AddCheckListTacheViewController.swift in Sources */ = {isa = PBXBuildFile; fileRef = FBF02015223BA9A30076E9E6 /* AddCheckListTacheViewController.swift */; };
		FBF02019223BE1BF0076E9E6 /* DateSelectionView.swift in Sources */ = {isa = PBXBuildFile; fileRef = FBF02017223BE1BF0076E9E6 /* DateSelectionView.swift */; };
		FBF0201A223BE1BF0076E9E6 /* DateSelectionView.xib in Resources */ = {isa = PBXBuildFile; fileRef = FBF02018223BE1BF0076E9E6 /* DateSelectionView.xib */; };
		FBF15B3621DFA8AB006A7341 /* AppDelegate.swift in Sources */ = {isa = PBXBuildFile; fileRef = FBF15B3521DFA8AB006A7341 /* AppDelegate.swift */; };
		FBF15B3921DFA8AB006A7341 /* Portail_G9.xcdatamodeld in Sources */ = {isa = PBXBuildFile; fileRef = FBF15B3721DFA8AB006A7341 /* Portail_G9.xcdatamodeld */; };
		FBF15B4021DFA8AB006A7341 /* Main.storyboard in Resources */ = {isa = PBXBuildFile; fileRef = FBF15B3E21DFA8AB006A7341 /* Main.storyboard */; };
		FBF15B4221DFA8AC006A7341 /* Assets.xcassets in Resources */ = {isa = PBXBuildFile; fileRef = FBF15B4121DFA8AC006A7341 /* Assets.xcassets */; };
		FBF15B4521DFA8AC006A7341 /* LaunchScreen.storyboard in Resources */ = {isa = PBXBuildFile; fileRef = FBF15B4321DFA8AC006A7341 /* LaunchScreen.storyboard */; };
		FBF15B5021DFA8AC006A7341 /* Portail_G9Tests.swift in Sources */ = {isa = PBXBuildFile; fileRef = FBF15B4F21DFA8AC006A7341 /* Portail_G9Tests.swift */; };
		FBF15B5B21DFA8AC006A7341 /* Portail_G9UITests.swift in Sources */ = {isa = PBXBuildFile; fileRef = FBF15B5A21DFA8AC006A7341 /* Portail_G9UITests.swift */; };
		FBF26C7D221555FB00D271AC /* Categorie.swift in Sources */ = {isa = PBXBuildFile; fileRef = FBF26C7C221555FB00D271AC /* Categorie.swift */; };
		FBF26C7F221556C000D271AC /* DataCategoriesWSResponse.swift in Sources */ = {isa = PBXBuildFile; fileRef = FBF26C7E221556C000D271AC /* DataCategoriesWSResponse.swift */; };
		FBF26C8122155D2B00D271AC /* ListeCategoriesViewController.swift in Sources */ = {isa = PBXBuildFile; fileRef = FBF26C8022155D2B00D271AC /* ListeCategoriesViewController.swift */; };
		FBF26C832215604300D271AC /* ListeCategoriesTableViewCell.swift in Sources */ = {isa = PBXBuildFile; fileRef = FBF26C822215604300D271AC /* ListeCategoriesTableViewCell.swift */; };
		FBF26C8522156E5800D271AC /* ListeGroupesViewController.swift in Sources */ = {isa = PBXBuildFile; fileRef = FBF26C8422156E5700D271AC /* ListeGroupesViewController.swift */; };
		FBF26C8822156EC600D271AC /* DataGroupeKPIWSResponse.swift in Sources */ = {isa = PBXBuildFile; fileRef = FBF26C8622156EC500D271AC /* DataGroupeKPIWSResponse.swift */; };
		FBF26C8922156EC600D271AC /* GroupeKPI.swift in Sources */ = {isa = PBXBuildFile; fileRef = FBF26C8722156EC600D271AC /* GroupeKPI.swift */; };
		FBF26C8B2215713700D271AC /* ListeGroupesTableViewCell.swift in Sources */ = {isa = PBXBuildFile; fileRef = FBF26C8A2215713700D271AC /* ListeGroupesTableViewCell.swift */; };
		FBFDC0F02216A20300A67042 /* KPI.swift in Sources */ = {isa = PBXBuildFile; fileRef = FBFDC0EF2216A20300A67042 /* KPI.swift */; };
		FBFDC0F22216A23800A67042 /* DataKPIsWSResponse.swift in Sources */ = {isa = PBXBuildFile; fileRef = FBFDC0F12216A23800A67042 /* DataKPIsWSResponse.swift */; };
		FBFDC0F42216A39900A67042 /* KPILigne.swift in Sources */ = {isa = PBXBuildFile; fileRef = FBFDC0F32216A39900A67042 /* KPILigne.swift */; };
		FBFDC0F62216A4E600A67042 /* StyleKPILigne.swift in Sources */ = {isa = PBXBuildFile; fileRef = FBFDC0F52216A4E600A67042 /* StyleKPILigne.swift */; };
		FBFDC0F82216A8C000A67042 /* KPIIndicatorsViewController.swift in Sources */ = {isa = PBXBuildFile; fileRef = FBFDC0F72216A8C000A67042 /* KPIIndicatorsViewController.swift */; };
		FBFDC0FA2216AF8400A67042 /* KPICollectionViewCell.swift in Sources */ = {isa = PBXBuildFile; fileRef = FBFDC0F92216AF8400A67042 /* KPICollectionViewCell.swift */; };
/* End PBXBuildFile section */

/* Begin PBXContainerItemProxy section */
		FBF15B4C21DFA8AC006A7341 /* PBXContainerItemProxy */ = {
			isa = PBXContainerItemProxy;
			containerPortal = FBF15B2A21DFA8AB006A7341 /* Project object */;
			proxyType = 1;
			remoteGlobalIDString = FBF15B3121DFA8AB006A7341;
			remoteInfo = "Portail G9";
		};
		FBF15B5721DFA8AC006A7341 /* PBXContainerItemProxy */ = {
			isa = PBXContainerItemProxy;
			containerPortal = FBF15B2A21DFA8AB006A7341 /* Project object */;
			proxyType = 1;
			remoteGlobalIDString = FBF15B3121DFA8AB006A7341;
			remoteInfo = "Portail G9";
		};
/* End PBXContainerItemProxy section */

/* Begin PBXFileReference section */
		2D8759015E8C656B4A68ABE4 /* Pods-Portail G9Tests.debug.xcconfig */ = {isa = PBXFileReference; includeInIndex = 1; lastKnownFileType = text.xcconfig; name = "Pods-Portail G9Tests.debug.xcconfig"; path = "Pods/Target Support Files/Pods-Portail G9Tests/Pods-Portail G9Tests.debug.xcconfig"; sourceTree = "<group>"; };
		6330927CCAF7179E3B3FB4E0 /* Pods-Portail G9UITests.release.xcconfig */ = {isa = PBXFileReference; includeInIndex = 1; lastKnownFileType = text.xcconfig; name = "Pods-Portail G9UITests.release.xcconfig"; path = "Pods/Target Support Files/Pods-Portail G9UITests/Pods-Portail G9UITests.release.xcconfig"; sourceTree = "<group>"; };
		82B963CBE50B6702C99AADCA /* Pods_Portail_G9Tests.framework */ = {isa = PBXFileReference; explicitFileType = wrapper.framework; includeInIndex = 0; path = Pods_Portail_G9Tests.framework; sourceTree = BUILT_PRODUCTS_DIR; };
		87438E7C58B6365E0D815C37 /* Pods_Portail_G9.framework */ = {isa = PBXFileReference; explicitFileType = wrapper.framework; includeInIndex = 0; path = Pods_Portail_G9.framework; sourceTree = BUILT_PRODUCTS_DIR; };
		90AC3C3EC78B4D189C6B80EA /* Pods-Portail G9UITests.debug.xcconfig */ = {isa = PBXFileReference; includeInIndex = 1; lastKnownFileType = text.xcconfig; name = "Pods-Portail G9UITests.debug.xcconfig"; path = "Pods/Target Support Files/Pods-Portail G9UITests/Pods-Portail G9UITests.debug.xcconfig"; sourceTree = "<group>"; };
		AC6308865E71A5AD648C99F5 /* Pods-Portail G9Tests.release.xcconfig */ = {isa = PBXFileReference; includeInIndex = 1; lastKnownFileType = text.xcconfig; name = "Pods-Portail G9Tests.release.xcconfig"; path = "Pods/Target Support Files/Pods-Portail G9Tests/Pods-Portail G9Tests.release.xcconfig"; sourceTree = "<group>"; };
		BC1A6C8736F3DAAF1750CFDD /* Pods_Portail_G9UITests.framework */ = {isa = PBXFileReference; explicitFileType = wrapper.framework; includeInIndex = 0; path = Pods_Portail_G9UITests.framework; sourceTree = BUILT_PRODUCTS_DIR; };
		DEBA8BF36EBDA599F1D5D83A /* Pods-Portail G9.debug.xcconfig */ = {isa = PBXFileReference; includeInIndex = 1; lastKnownFileType = text.xcconfig; name = "Pods-Portail G9.debug.xcconfig"; path = "Pods/Target Support Files/Pods-Portail G9/Pods-Portail G9.debug.xcconfig"; sourceTree = "<group>"; };
		E9A87BE6D272529D39052BAB /* Pods-Portail G9.release.xcconfig */ = {isa = PBXFileReference; includeInIndex = 1; lastKnownFileType = text.xcconfig; name = "Pods-Portail G9.release.xcconfig"; path = "Pods/Target Support Files/Pods-Portail G9/Pods-Portail G9.release.xcconfig"; sourceTree = "<group>"; };
		FB0268C52297C9B90065DB0F /* IndicateurKPIGrid.swift */ = {isa = PBXFileReference; lastKnownFileType = sourcecode.swift; path = IndicateurKPIGrid.swift; sourceTree = "<group>"; };
		FB02ACE92236993600843B66 /* ColorPicker.h */ = {isa = PBXFileReference; fileEncoding = 4; lastKnownFileType = sourcecode.c.h; path = ColorPicker.h; sourceTree = "<group>"; };
		FB02ACEA2236993600843B66 /* UIColorExtension.swift */ = {isa = PBXFileReference; fileEncoding = 4; lastKnownFileType = sourcecode.swift; path = UIColorExtension.swift; sourceTree = "<group>"; };
		FB02ACEB2236993600843B66 /* ColorPickerView.swift */ = {isa = PBXFileReference; fileEncoding = 4; lastKnownFileType = sourcecode.swift; path = ColorPickerView.swift; sourceTree = "<group>"; };
		FB02ACEC2236993600843B66 /* ColorSpaceConverter.swift */ = {isa = PBXFileReference; fileEncoding = 4; lastKnownFileType = sourcecode.swift; path = ColorSpaceConverter.swift; sourceTree = "<group>"; };
		FB02ACED2236993600843B66 /* RGB.swift */ = {isa = PBXFileReference; fileEncoding = 4; lastKnownFileType = sourcecode.swift; path = RGB.swift; sourceTree = "<group>"; };
		FB02ACEE2236993600843B66 /* ColorPickerViewDelegate.swift */ = {isa = PBXFileReference; fileEncoding = 4; lastKnownFileType = sourcecode.swift; path = ColorPickerViewDelegate.swift; sourceTree = "<group>"; };
		FB02ACEF2236993600843B66 /* Info.plist */ = {isa = PBXFileReference; fileEncoding = 4; lastKnownFileType = text.plist.xml; path = Info.plist; sourceTree = "<group>"; };
		FB02ACF02236993600843B66 /* HSB.swift */ = {isa = PBXFileReference; fileEncoding = 4; lastKnownFileType = sourcecode.swift; path = HSB.swift; sourceTree = "<group>"; };
		FB02ACFC2236A6C100843B66 /* ColorEditorViewController.swift */ = {isa = PBXFileReference; fileEncoding = 4; lastKnownFileType = sourcecode.swift; path = ColorEditorViewController.swift; sourceTree = "<group>"; };
		FB05221522084B27000556E1 /* FiltreCollectionViewCell.swift */ = {isa = PBXFileReference; lastKnownFileType = sourcecode.swift; path = FiltreCollectionViewCell.swift; sourceTree = "<group>"; };
		FB05221722084CAE000556E1 /* FiltreView.swift */ = {isa = PBXFileReference; lastKnownFileType = sourcecode.swift; path = FiltreView.swift; sourceTree = "<group>"; };
		FB0BC51922B39EF2002B6C0D /* Famille.swift */ = {isa = PBXFileReference; lastKnownFileType = sourcecode.swift; path = Famille.swift; sourceTree = "<group>"; };
		FB0E0F7322003E3F0043E345 /* GoogleService-Info.plist */ = {isa = PBXFileReference; fileEncoding = 4; lastKnownFileType = text.plist.xml; path = "GoogleService-Info.plist"; sourceTree = "<group>"; };
		FB0E0F7522003E680043E345 /* Portail G9.entitlements */ = {isa = PBXFileReference; lastKnownFileType = text.plist.entitlements; path = "Portail G9.entitlements"; sourceTree = "<group>"; };
		FB0E0F7C220047990043E345 /* Utils.swift */ = {isa = PBXFileReference; lastKnownFileType = sourcecode.swift; path = Utils.swift; sourceTree = "<group>"; };
		FB0E0F7E220047A90043E345 /* Version.swift */ = {isa = PBXFileReference; lastKnownFileType = sourcecode.swift; path = Version.swift; sourceTree = "<group>"; };
		FB0E0F8122005BCF0043E345 /* AuthentificationViewController.swift */ = {isa = PBXFileReference; lastKnownFileType = sourcecode.swift; path = AuthentificationViewController.swift; sourceTree = "<group>"; };
		FB0E0F8322005BE40043E345 /* HomeViewController.swift */ = {isa = PBXFileReference; lastKnownFileType = sourcecode.swift; path = HomeViewController.swift; sourceTree = "<group>"; };
		FB0E0F8522005CF80043E345 /* fr */ = {isa = PBXFileReference; lastKnownFileType = text.plist.strings; name = fr; path = fr.lproj/Main.strings; sourceTree = "<group>"; };
		FB0E0F8622005CF80043E345 /* fr */ = {isa = PBXFileReference; lastKnownFileType = text.plist.strings; name = fr; path = fr.lproj/LaunchScreen.strings; sourceTree = "<group>"; };
		FB0E0F8822005DAD0043E345 /* Base */ = {isa = PBXFileReference; lastKnownFileType = text.plist.strings; name = Base; path = Base.lproj/Localizable.strings; sourceTree = "<group>"; };
		FB0E0F8A22005DC60043E345 /* fr */ = {isa = PBXFileReference; lastKnownFileType = text.plist.strings; name = fr; path = fr.lproj/Localizable.strings; sourceTree = "<group>"; };
		FB0E0F8B22005F660043E345 /* pl */ = {isa = PBXFileReference; lastKnownFileType = text.plist.strings; name = pl; path = pl.lproj/Main.strings; sourceTree = "<group>"; };
		FB0E0F8C22005F660043E345 /* pl */ = {isa = PBXFileReference; lastKnownFileType = text.plist.strings; name = pl; path = pl.lproj/LaunchScreen.strings; sourceTree = "<group>"; };
		FB0E0F8D22005F670043E345 /* pl */ = {isa = PBXFileReference; lastKnownFileType = text.plist.strings; name = pl; path = pl.lproj/Localizable.strings; sourceTree = "<group>"; };
		FB0FA022225B845100B2B2A9 /* ListePiliersWSResponse.swift */ = {isa = PBXFileReference; fileEncoding = 4; lastKnownFileType = sourcecode.swift; path = ListePiliersWSResponse.swift; sourceTree = "<group>"; };
		FB0FA026225B8E4100B2B2A9 /* QuestionPiliersWSResponse.swift */ = {isa = PBXFileReference; fileEncoding = 4; lastKnownFileType = sourcecode.swift; path = QuestionPiliersWSResponse.swift; sourceTree = "<group>"; };
		FB0FA028225B915C00B2B2A9 /* QuestionPilier.swift */ = {isa = PBXFileReference; fileEncoding = 4; lastKnownFileType = sourcecode.swift; path = QuestionPilier.swift; sourceTree = "<group>"; };
		FB2F791822B921CC0039AF0B /* CategorieFamille.swift */ = {isa = PBXFileReference; lastKnownFileType = sourcecode.swift; path = CategorieFamille.swift; sourceTree = "<group>"; };
		FB2F791A22B921E70039AF0B /* KPICategorieFamille.swift */ = {isa = PBXFileReference; lastKnownFileType = sourcecode.swift; path = KPICategorieFamille.swift; sourceTree = "<group>"; };
		FB2F791C22B9300B0039AF0B /* GetActionPlansWSResponse.swift */ = {isa = PBXFileReference; lastKnownFileType = sourcecode.swift; path = GetActionPlansWSResponse.swift; sourceTree = "<group>"; };
		FB378F9A22C3CA02008FE14F /* de */ = {isa = PBXFileReference; lastKnownFileType = text.plist.strings; name = de; path = de.lproj/Main.strings; sourceTree = "<group>"; };
		FB378F9B22C3CA02008FE14F /* de */ = {isa = PBXFileReference; lastKnownFileType = text.plist.strings; name = de; path = de.lproj/LaunchScreen.strings; sourceTree = "<group>"; };
		FB378F9C22C3CA03008FE14F /* de */ = {isa = PBXFileReference; lastKnownFileType = text.plist.strings; name = de; path = de.lproj/Localizable.strings; sourceTree = "<group>"; };
		FB378F9D22C3CA0C008FE14F /* it */ = {isa = PBXFileReference; lastKnownFileType = text.plist.strings; name = it; path = it.lproj/Main.strings; sourceTree = "<group>"; };
		FB378F9E22C3CA0D008FE14F /* it */ = {isa = PBXFileReference; lastKnownFileType = text.plist.strings; name = it; path = it.lproj/LaunchScreen.strings; sourceTree = "<group>"; };
		FB378F9F22C3CA0D008FE14F /* it */ = {isa = PBXFileReference; lastKnownFileType = text.plist.strings; name = it; path = it.lproj/Localizable.strings; sourceTree = "<group>"; };
		FB44EEF52255FD4700C98638 /* PiliersProcessViewController.swift */ = {isa = PBXFileReference; lastKnownFileType = sourcecode.swift; path = PiliersProcessViewController.swift; sourceTree = "<group>"; };
		FB44EEF72255FD6E00C98638 /* ListeQuestionPilierViewController.swift */ = {isa = PBXFileReference; lastKnownFileType = sourcecode.swift; path = ListeQuestionPilierViewController.swift; sourceTree = "<group>"; };
		FB44EEF92255FF5700C98638 /* Pilier.swift */ = {isa = PBXFileReference; lastKnownFileType = sourcecode.swift; path = Pilier.swift; sourceTree = "<group>"; };
		FB44EEFB225601FC00C98638 /* ListePilierTableViewCell.swift */ = {isa = PBXFileReference; fileEncoding = 4; lastKnownFileType = sourcecode.swift; path = ListePilierTableViewCell.swift; sourceTree = "<group>"; };
		FB44EEFD225602FB00C98638 /* ItemQuestionPilier.swift */ = {isa = PBXFileReference; lastKnownFileType = sourcecode.swift; path = ItemQuestionPilier.swift; sourceTree = "<group>"; };
		FB44EEFF2256061100C98638 /* ListeQuestionPilierTableViewCell.swift */ = {isa = PBXFileReference; fileEncoding = 4; lastKnownFileType = sourcecode.swift; path = ListeQuestionPilierTableViewCell.swift; sourceTree = "<group>"; };
		FB4A6A3522267731001AC448 /* BoardCollectionViewController.swift */ = {isa = PBXFileReference; fileEncoding = 4; lastKnownFileType = sourcecode.swift; path = BoardCollectionViewController.swift; sourceTree = "<group>"; };
		FB4A6A3722267746001AC448 /* Board.swift */ = {isa = PBXFileReference; fileEncoding = 4; lastKnownFileType = sourcecode.swift; path = Board.swift; sourceTree = "<group>"; };
		FB4A6A3922267758001AC448 /* BoardCollectionViewCell.swift */ = {isa = PBXFileReference; fileEncoding = 4; lastKnownFileType = sourcecode.swift; path = BoardCollectionViewCell.swift; sourceTree = "<group>"; };
		FB4A6A3C22267DCB001AC448 /* LICENSE */ = {isa = PBXFileReference; fileEncoding = 4; lastKnownFileType = text; path = LICENSE; sourceTree = "<group>"; };
		FB4A6A3D22267DCB001AC448 /* README.md */ = {isa = PBXFileReference; fileEncoding = 4; lastKnownFileType = net.daringfireball.markdown; path = README.md; sourceTree = "<group>"; };
		FB4A6A4022267DCB001AC448 /* AAChartView.swift */ = {isa = PBXFileReference; fileEncoding = 4; lastKnownFileType = sourcecode.swift; path = AAChartView.swift; sourceTree = "<group>"; };
		FB4A6A4122267DCB001AC448 /* AAChartModel.swift */ = {isa = PBXFileReference; fileEncoding = 4; lastKnownFileType = sourcecode.swift; path = AAChartModel.swift; sourceTree = "<group>"; };
		FB4A6A4222267DCB001AC448 /* AASerializable.swift */ = {isa = PBXFileReference; fileEncoding = 4; lastKnownFileType = sourcecode.swift; path = AASerializable.swift; sourceTree = "<group>"; };
		FB4A6A4322267DCB001AC448 /* AASeriesElement.swift */ = {isa = PBXFileReference; fileEncoding = 4; lastKnownFileType = sourcecode.swift; path = AASeriesElement.swift; sourceTree = "<group>"; };
		FB4A6A4422267DCB001AC448 /* AAJSFiles.bundle */ = {isa = PBXFileReference; lastKnownFileType = "wrapper.plug-in"; path = AAJSFiles.bundle; sourceTree = "<group>"; };
		FB4A6A4C22267DF8001AC448 /* ProcessRadarViewController.swift */ = {isa = PBXFileReference; fileEncoding = 4; lastKnownFileType = sourcecode.swift; path = ProcessRadarViewController.swift; sourceTree = "<group>"; };
		FB4A6A4E22267FC3001AC448 /* ReportingViewController.swift */ = {isa = PBXFileReference; lastKnownFileType = sourcecode.swift; path = ReportingViewController.swift; sourceTree = "<group>"; };
		FB503B13223666EF006C4D90 /* DocumentViewController.swift */ = {isa = PBXFileReference; fileEncoding = 4; lastKnownFileType = sourcecode.swift; path = DocumentViewController.swift; sourceTree = "<group>"; };
		FB569660226478F0002B61A9 /* MonthQuestionPilier.swift */ = {isa = PBXFileReference; lastKnownFileType = sourcecode.swift; path = MonthQuestionPilier.swift; sourceTree = "<group>"; };
		FB5B331622686ADC00CD9F80 /* UpdateQuestionPilierViewController.swift */ = {isa = PBXFileReference; lastKnownFileType = sourcecode.swift; path = UpdateQuestionPilierViewController.swift; sourceTree = "<group>"; };
		FB62938F224A749500FFEA10 /* AddFileTacheViewController.swift */ = {isa = PBXFileReference; lastKnownFileType = sourcecode.swift; path = AddFileTacheViewController.swift; sourceTree = "<group>"; };
		FB6469FC221188C200084D7F /* Utilisateur.swift */ = {isa = PBXFileReference; fileEncoding = 4; lastKnownFileType = sourcecode.swift; path = Utilisateur.swift; sourceTree = "<group>"; };
		FB6469FD221188C200084D7F /* UtilisateurResponseWSAuth.swift */ = {isa = PBXFileReference; fileEncoding = 4; lastKnownFileType = sourcecode.swift; path = UtilisateurResponseWSAuth.swift; sourceTree = "<group>"; };
		FB646A00221189A100084D7F /* WSQueries.swift */ = {isa = PBXFileReference; fileEncoding = 4; lastKnownFileType = sourcecode.swift; path = WSQueries.swift; sourceTree = "<group>"; };
		FB682DBC2211ADF3001DE572 /* DataUserResponseWSAuth.swift */ = {isa = PBXFileReference; lastKnownFileType = sourcecode.swift; path = DataUserResponseWSAuth.swift; sourceTree = "<group>"; };
		FB70A4942292AC670041E090 /* AccueilViewController.swift */ = {isa = PBXFileReference; lastKnownFileType = sourcecode.swift; path = AccueilViewController.swift; sourceTree = "<group>"; };
		FB70A4962292B5410041E090 /* MenuLayout.swift */ = {isa = PBXFileReference; fileEncoding = 4; lastKnownFileType = sourcecode.swift; path = MenuLayout.swift; sourceTree = "<group>"; };
		FB70A4982292B54C0041E090 /* HomeCollectionViewCell.swift */ = {isa = PBXFileReference; fileEncoding = 4; lastKnownFileType = sourcecode.swift; path = HomeCollectionViewCell.swift; sourceTree = "<group>"; };
		FB70A49A2292CFEF0041E090 /* AccountViewController.swift */ = {isa = PBXFileReference; lastKnownFileType = sourcecode.swift; path = AccountViewController.swift; sourceTree = "<group>"; };
		FB720EE72223F2A100D0920F /* IndicateurKPISection.swift */ = {isa = PBXFileReference; lastKnownFileType = sourcecode.swift; path = IndicateurKPISection.swift; sourceTree = "<group>"; };
		FB74033E2293D7A000438F7B /* ListeIndicateurTableViewCell.swift */ = {isa = PBXFileReference; lastKnownFileType = sourcecode.swift; path = ListeIndicateurTableViewCell.swift; sourceTree = "<group>"; };
		FB74E30C22C4A26D003DDF92 /* de-AT */ = {isa = PBXFileReference; lastKnownFileType = text.plist.strings; name = "de-AT"; path = "de-AT.lproj/Main.strings"; sourceTree = "<group>"; };
		FB74E30D22C4A26D003DDF92 /* de-AT */ = {isa = PBXFileReference; lastKnownFileType = text.plist.strings; name = "de-AT"; path = "de-AT.lproj/LaunchScreen.strings"; sourceTree = "<group>"; };
		FB74E30E22C4A26D003DDF92 /* de-AT */ = {isa = PBXFileReference; lastKnownFileType = text.plist.strings; name = "de-AT"; path = "de-AT.lproj/Localizable.strings"; sourceTree = "<group>"; };
		FB74E30F22C4A2BA003DDF92 /* de-CH */ = {isa = PBXFileReference; lastKnownFileType = text.plist.strings; name = "de-CH"; path = "de-CH.lproj/Main.strings"; sourceTree = "<group>"; };
		FB74E31022C4A2BA003DDF92 /* de-CH */ = {isa = PBXFileReference; lastKnownFileType = text.plist.strings; name = "de-CH"; path = "de-CH.lproj/LaunchScreen.strings"; sourceTree = "<group>"; };
		FB74E31122C4A2BA003DDF92 /* de-CH */ = {isa = PBXFileReference; lastKnownFileType = text.plist.strings; name = "de-CH"; path = "de-CH.lproj/Localizable.strings"; sourceTree = "<group>"; };
		FB74E31222C4A3A1003DDF92 /* en-GB */ = {isa = PBXFileReference; lastKnownFileType = text.plist.strings; name = "en-GB"; path = "en-GB.lproj/Main.strings"; sourceTree = "<group>"; };
		FB74E31322C4A3A1003DDF92 /* en-GB */ = {isa = PBXFileReference; lastKnownFileType = text.plist.strings; name = "en-GB"; path = "en-GB.lproj/LaunchScreen.strings"; sourceTree = "<group>"; };
		FB74E31422C4A3A1003DDF92 /* en-GB */ = {isa = PBXFileReference; lastKnownFileType = text.plist.strings; name = "en-GB"; path = "en-GB.lproj/Localizable.strings"; sourceTree = "<group>"; };
		FB75543622BD143500A52CA2 /* Direction.swift */ = {isa = PBXFileReference; lastKnownFileType = sourcecode.swift; path = Direction.swift; sourceTree = "<group>"; };
		FB7FFB3E2296B95800D2F3E0 /* StickyGridCollectionViewLayout.swift */ = {isa = PBXFileReference; fileEncoding = 4; lastKnownFileType = sourcecode.swift; path = StickyGridCollectionViewLayout.swift; sourceTree = "<group>"; };
		FB8831D02293D5AD0021D03D /* ListeIndicateursViewController.swift */ = {isa = PBXFileReference; lastKnownFileType = sourcecode.swift; path = ListeIndicateursViewController.swift; sourceTree = "<group>"; };
		FBB9318A224E2FE500E28751 /* TacheForceTerrainWSResponse.swift */ = {isa = PBXFileReference; lastKnownFileType = sourcecode.swift; path = TacheForceTerrainWSResponse.swift; sourceTree = "<group>"; };
		FBB9318C224E34E700E28751 /* DataTask.swift */ = {isa = PBXFileReference; lastKnownFileType = sourcecode.swift; path = DataTask.swift; sourceTree = "<group>"; };
		FBC6855F225BA0E900A60E1A /* QuestionPilierTableViewCell.swift */ = {isa = PBXFileReference; fileEncoding = 4; lastKnownFileType = sourcecode.swift; path = QuestionPilierTableViewCell.swift; sourceTree = "<group>"; };
		FBCDF9DB22086FE200BDA0F8 /* FiltreMenuViewController.swift */ = {isa = PBXFileReference; lastKnownFileType = sourcecode.swift; path = FiltreMenuViewController.swift; sourceTree = "<group>"; };
		FBD2AFE62231132700D9D517 /* DataForceTerrainToDoListWSResponse.swift */ = {isa = PBXFileReference; fileEncoding = 4; lastKnownFileType = sourcecode.swift; path = DataForceTerrainToDoListWSResponse.swift; sourceTree = "<group>"; };
		FBD2AFE8223150FE00D9D517 /* CheckList.swift */ = {isa = PBXFileReference; lastKnownFileType = sourcecode.swift; path = CheckList.swift; sourceTree = "<group>"; };
		FBD2AFEA2231513900D9D517 /* Comment.swift */ = {isa = PBXFileReference; lastKnownFileType = sourcecode.swift; path = Comment.swift; sourceTree = "<group>"; };
		FBD2AFEC2231539C00D9D517 /* File.swift */ = {isa = PBXFileReference; lastKnownFileType = sourcecode.swift; path = File.swift; sourceTree = "<group>"; };
		FBE2EC662201EFD9004B44DF /* MenuTableViewCell.swift */ = {isa = PBXFileReference; fileEncoding = 4; lastKnownFileType = sourcecode.swift; path = MenuTableViewCell.swift; sourceTree = "<group>"; };
		FBE2EC672201EFD9004B44DF /* LeftMenuViewController.swift */ = {isa = PBXFileReference; fileEncoding = 4; lastKnownFileType = sourcecode.swift; path = LeftMenuViewController.swift; sourceTree = "<group>"; };
		FBE2EC6A2201F006004B44DF /* ExampleData.swift */ = {isa = PBXFileReference; fileEncoding = 4; lastKnownFileType = sourcecode.swift; path = ExampleData.swift; sourceTree = "<group>"; };
		FBE2EC6C2201F064004B44DF /* CustomCell.swift */ = {isa = PBXFileReference; fileEncoding = 4; lastKnownFileType = sourcecode.swift; path = CustomCell.swift; sourceTree = "<group>"; };
		FBE63E0B2212AA390027F6E2 /* Langue.swift */ = {isa = PBXFileReference; lastKnownFileType = sourcecode.swift; path = Langue.swift; sourceTree = "<group>"; };
		FBE63E0D2212AC0D0027F6E2 /* Pays.swift */ = {isa = PBXFileReference; lastKnownFileType = sourcecode.swift; path = Pays.swift; sourceTree = "<group>"; };
		FBE63E0F2212AC790027F6E2 /* Zone.swift */ = {isa = PBXFileReference; lastKnownFileType = sourcecode.swift; path = Zone.swift; sourceTree = "<group>"; };
		FBE63E112212AC840027F6E2 /* Groupe.swift */ = {isa = PBXFileReference; lastKnownFileType = sourcecode.swift; path = Groupe.swift; sourceTree = "<group>"; };
		FBE63E132212B08C0027F6E2 /* Dealer.swift */ = {isa = PBXFileReference; lastKnownFileType = sourcecode.swift; path = Dealer.swift; sourceTree = "<group>"; };
		FBE63E152212B3740027F6E2 /* DataUtilesWSResponse.swift */ = {isa = PBXFileReference; lastKnownFileType = sourcecode.swift; path = DataUtilesWSResponse.swift; sourceTree = "<group>"; };
		FBE63E172212B5410027F6E2 /* DataUtiles.swift */ = {isa = PBXFileReference; lastKnownFileType = sourcecode.swift; path = DataUtiles.swift; sourceTree = "<group>"; };
		FBE63E192212C1C70027F6E2 /* DataRadarWSResponse.swift */ = {isa = PBXFileReference; lastKnownFileType = sourcecode.swift; path = DataRadarWSResponse.swift; sourceTree = "<group>"; };
		FBE63E1B2212C2060027F6E2 /* DataRadar.swift */ = {isa = PBXFileReference; lastKnownFileType = sourcecode.swift; path = DataRadar.swift; sourceTree = "<group>"; };
		FBE9EC3D222E5BB900D4F6A0 /* Tache.swift */ = {isa = PBXFileReference; lastKnownFileType = sourcecode.swift; path = Tache.swift; sourceTree = "<group>"; };
		FBE9EC3F222E5C4D00D4F6A0 /* DetailsTacheViewController.swift */ = {isa = PBXFileReference; lastKnownFileType = sourcecode.swift; path = DetailsTacheViewController.swift; sourceTree = "<group>"; };
		FBE9EC43222E72D000D4F6A0 /* ControleTableViewCell.swift */ = {isa = PBXFileReference; lastKnownFileType = sourcecode.swift; path = ControleTableViewCell.swift; sourceTree = "<group>"; };
		FBE9EC45222E72E200D4F6A0 /* FichierTableViewCell.swift */ = {isa = PBXFileReference; lastKnownFileType = sourcecode.swift; path = FichierTableViewCell.swift; sourceTree = "<group>"; };
		FBE9EC47222E72F100D4F6A0 /* CommentaireTableViewCell.swift */ = {isa = PBXFileReference; lastKnownFileType = sourcecode.swift; path = CommentaireTableViewCell.swift; sourceTree = "<group>"; };
		FBF02011223B993B0076E9E6 /* HeaderDetailsTableViewCell.swift */ = {isa = PBXFileReference; lastKnownFileType = sourcecode.swift; path = HeaderDetailsTableViewCell.swift; sourceTree = "<group>"; };
		FBF02013223BA3710076E9E6 /* AddCommentaireTacheViewController.swift */ = {isa = PBXFileReference; lastKnownFileType = sourcecode.swift; path = AddCommentaireTacheViewController.swift; sourceTree = "<group>"; };
		FBF02015223BA9A30076E9E6 /* AddCheckListTacheViewController.swift */ = {isa = PBXFileReference; lastKnownFileType = sourcecode.swift; path = AddCheckListTacheViewController.swift; sourceTree = "<group>"; };
		FBF02017223BE1BF0076E9E6 /* DateSelectionView.swift */ = {isa = PBXFileReference; fileEncoding = 4; lastKnownFileType = sourcecode.swift; path = DateSelectionView.swift; sourceTree = "<group>"; };
		FBF02018223BE1BF0076E9E6 /* DateSelectionView.xib */ = {isa = PBXFileReference; fileEncoding = 4; lastKnownFileType = file.xib; path = DateSelectionView.xib; sourceTree = "<group>"; };
		FBF15B3221DFA8AB006A7341 /* Portail G9.app */ = {isa = PBXFileReference; explicitFileType = wrapper.application; includeInIndex = 0; path = "Portail G9.app"; sourceTree = BUILT_PRODUCTS_DIR; };
		FBF15B3521DFA8AB006A7341 /* AppDelegate.swift */ = {isa = PBXFileReference; lastKnownFileType = sourcecode.swift; path = AppDelegate.swift; sourceTree = "<group>"; };
		FBF15B3821DFA8AB006A7341 /* Portail_G9.xcdatamodel */ = {isa = PBXFileReference; lastKnownFileType = wrapper.xcdatamodel; path = Portail_G9.xcdatamodel; sourceTree = "<group>"; };
		FBF15B3F21DFA8AB006A7341 /* Base */ = {isa = PBXFileReference; lastKnownFileType = file.storyboard; name = Base; path = Base.lproj/Main.storyboard; sourceTree = "<group>"; };
		FBF15B4121DFA8AC006A7341 /* Assets.xcassets */ = {isa = PBXFileReference; lastKnownFileType = folder.assetcatalog; path = Assets.xcassets; sourceTree = "<group>"; };
		FBF15B4421DFA8AC006A7341 /* Base */ = {isa = PBXFileReference; lastKnownFileType = file.storyboard; name = Base; path = Base.lproj/LaunchScreen.storyboard; sourceTree = "<group>"; };
		FBF15B4621DFA8AC006A7341 /* Info.plist */ = {isa = PBXFileReference; lastKnownFileType = text.plist.xml; path = Info.plist; sourceTree = "<group>"; };
		FBF15B4B21DFA8AC006A7341 /* Portail G9Tests.xctest */ = {isa = PBXFileReference; explicitFileType = wrapper.cfbundle; includeInIndex = 0; path = "Portail G9Tests.xctest"; sourceTree = BUILT_PRODUCTS_DIR; };
		FBF15B4F21DFA8AC006A7341 /* Portail_G9Tests.swift */ = {isa = PBXFileReference; lastKnownFileType = sourcecode.swift; path = Portail_G9Tests.swift; sourceTree = "<group>"; };
		FBF15B5121DFA8AC006A7341 /* Info.plist */ = {isa = PBXFileReference; lastKnownFileType = text.plist.xml; path = Info.plist; sourceTree = "<group>"; };
		FBF15B5621DFA8AC006A7341 /* Portail G9UITests.xctest */ = {isa = PBXFileReference; explicitFileType = wrapper.cfbundle; includeInIndex = 0; path = "Portail G9UITests.xctest"; sourceTree = BUILT_PRODUCTS_DIR; };
		FBF15B5A21DFA8AC006A7341 /* Portail_G9UITests.swift */ = {isa = PBXFileReference; lastKnownFileType = sourcecode.swift; path = Portail_G9UITests.swift; sourceTree = "<group>"; };
		FBF15B5C21DFA8AC006A7341 /* Info.plist */ = {isa = PBXFileReference; lastKnownFileType = text.plist.xml; path = Info.plist; sourceTree = "<group>"; };
		FBF26C7C221555FB00D271AC /* Categorie.swift */ = {isa = PBXFileReference; lastKnownFileType = sourcecode.swift; path = Categorie.swift; sourceTree = "<group>"; };
		FBF26C7E221556C000D271AC /* DataCategoriesWSResponse.swift */ = {isa = PBXFileReference; lastKnownFileType = sourcecode.swift; path = DataCategoriesWSResponse.swift; sourceTree = "<group>"; };
		FBF26C8022155D2B00D271AC /* ListeCategoriesViewController.swift */ = {isa = PBXFileReference; lastKnownFileType = sourcecode.swift; path = ListeCategoriesViewController.swift; sourceTree = "<group>"; };
		FBF26C822215604300D271AC /* ListeCategoriesTableViewCell.swift */ = {isa = PBXFileReference; lastKnownFileType = sourcecode.swift; path = ListeCategoriesTableViewCell.swift; sourceTree = "<group>"; };
		FBF26C8422156E5700D271AC /* ListeGroupesViewController.swift */ = {isa = PBXFileReference; fileEncoding = 4; lastKnownFileType = sourcecode.swift; path = ListeGroupesViewController.swift; sourceTree = "<group>"; };
		FBF26C8622156EC500D271AC /* DataGroupeKPIWSResponse.swift */ = {isa = PBXFileReference; fileEncoding = 4; lastKnownFileType = sourcecode.swift; path = DataGroupeKPIWSResponse.swift; sourceTree = "<group>"; };
		FBF26C8722156EC600D271AC /* GroupeKPI.swift */ = {isa = PBXFileReference; fileEncoding = 4; lastKnownFileType = sourcecode.swift; path = GroupeKPI.swift; sourceTree = "<group>"; };
		FBF26C8A2215713700D271AC /* ListeGroupesTableViewCell.swift */ = {isa = PBXFileReference; fileEncoding = 4; lastKnownFileType = sourcecode.swift; path = ListeGroupesTableViewCell.swift; sourceTree = "<group>"; };
		FBFDC0EF2216A20300A67042 /* KPI.swift */ = {isa = PBXFileReference; lastKnownFileType = sourcecode.swift; path = KPI.swift; sourceTree = "<group>"; };
		FBFDC0F12216A23800A67042 /* DataKPIsWSResponse.swift */ = {isa = PBXFileReference; lastKnownFileType = sourcecode.swift; path = DataKPIsWSResponse.swift; sourceTree = "<group>"; };
		FBFDC0F32216A39900A67042 /* KPILigne.swift */ = {isa = PBXFileReference; lastKnownFileType = sourcecode.swift; path = KPILigne.swift; sourceTree = "<group>"; };
		FBFDC0F52216A4E600A67042 /* StyleKPILigne.swift */ = {isa = PBXFileReference; lastKnownFileType = sourcecode.swift; path = StyleKPILigne.swift; sourceTree = "<group>"; };
		FBFDC0F72216A8C000A67042 /* KPIIndicatorsViewController.swift */ = {isa = PBXFileReference; lastKnownFileType = sourcecode.swift; path = KPIIndicatorsViewController.swift; sourceTree = "<group>"; };
		FBFDC0F92216AF8400A67042 /* KPICollectionViewCell.swift */ = {isa = PBXFileReference; lastKnownFileType = sourcecode.swift; path = KPICollectionViewCell.swift; sourceTree = "<group>"; };
/* End PBXFileReference section */

/* Begin PBXFrameworksBuildPhase section */
		FBF15B2F21DFA8AB006A7341 /* Frameworks */ = {
			isa = PBXFrameworksBuildPhase;
			buildActionMask = 2147483647;
			files = (
				791928EEF4006C1C5CF601E9 /* Pods_Portail_G9.framework in Frameworks */,
			);
			runOnlyForDeploymentPostprocessing = 0;
		};
		FBF15B4821DFA8AC006A7341 /* Frameworks */ = {
			isa = PBXFrameworksBuildPhase;
			buildActionMask = 2147483647;
			files = (
				015512B7743FA9C86DCA937F /* Pods_Portail_G9Tests.framework in Frameworks */,
			);
			runOnlyForDeploymentPostprocessing = 0;
		};
		FBF15B5321DFA8AC006A7341 /* Frameworks */ = {
			isa = PBXFrameworksBuildPhase;
			buildActionMask = 2147483647;
			files = (
				99E5A4A6CFCA132DA8055239 /* Pods_Portail_G9UITests.framework in Frameworks */,
			);
			runOnlyForDeploymentPostprocessing = 0;
		};
/* End PBXFrameworksBuildPhase section */

/* Begin PBXGroup section */
		9B1266ED547F27AFCC81C5B8 /* Frameworks */ = {
			isa = PBXGroup;
			children = (
				87438E7C58B6365E0D815C37 /* Pods_Portail_G9.framework */,
				82B963CBE50B6702C99AADCA /* Pods_Portail_G9Tests.framework */,
				BC1A6C8736F3DAAF1750CFDD /* Pods_Portail_G9UITests.framework */,
			);
			name = Frameworks;
			sourceTree = "<group>";
		};
		BF0C7E61D5D4E5E4D7EEC518 /* Pods */ = {
			isa = PBXGroup;
			children = (
				DEBA8BF36EBDA599F1D5D83A /* Pods-Portail G9.debug.xcconfig */,
				E9A87BE6D272529D39052BAB /* Pods-Portail G9.release.xcconfig */,
				2D8759015E8C656B4A68ABE4 /* Pods-Portail G9Tests.debug.xcconfig */,
				AC6308865E71A5AD648C99F5 /* Pods-Portail G9Tests.release.xcconfig */,
				90AC3C3EC78B4D189C6B80EA /* Pods-Portail G9UITests.debug.xcconfig */,
				6330927CCAF7179E3B3FB4E0 /* Pods-Portail G9UITests.release.xcconfig */,
			);
			name = Pods;
			sourceTree = "<group>";
		};
		FB02ACE82236993600843B66 /* ColorPicker */ = {
			isa = PBXGroup;
			children = (
				FB02ACFC2236A6C100843B66 /* ColorEditorViewController.swift */,
				FB02ACE92236993600843B66 /* ColorPicker.h */,
				FB02ACEA2236993600843B66 /* UIColorExtension.swift */,
				FB02ACEB2236993600843B66 /* ColorPickerView.swift */,
				FB02ACEC2236993600843B66 /* ColorSpaceConverter.swift */,
				FB02ACED2236993600843B66 /* RGB.swift */,
				FB02ACEE2236993600843B66 /* ColorPickerViewDelegate.swift */,
				FB02ACEF2236993600843B66 /* Info.plist */,
				FB02ACF02236993600843B66 /* HSB.swift */,
			);
			path = ColorPicker;
			sourceTree = "<group>";
		};
		FB0E0F772200477B0043E345 /* Views */ = {
			isa = PBXGroup;
			children = (
				FB02ACE82236993600843B66 /* ColorPicker */,
				FB4A6A3B22267DCB001AC448 /* AAInfographics */,
				FBE2EC652201EFD9004B44DF /* LeftMenu */,
				FB05221722084CAE000556E1 /* FiltreView.swift */,
				FB05221522084B27000556E1 /* FiltreCollectionViewCell.swift */,
				FB74033E2293D7A000438F7B /* ListeIndicateurTableViewCell.swift */,
				FBF26C822215604300D271AC /* ListeCategoriesTableViewCell.swift */,
				FBF26C8A2215713700D271AC /* ListeGroupesTableViewCell.swift */,
				FB44EEFB225601FC00C98638 /* ListePilierTableViewCell.swift */,
				FB44EEFF2256061100C98638 /* ListeQuestionPilierTableViewCell.swift */,
				FBC6855F225BA0E900A60E1A /* QuestionPilierTableViewCell.swift */,
				FBFDC0F92216AF8400A67042 /* KPICollectionViewCell.swift */,
				FB7FFB3E2296B95800D2F3E0 /* StickyGridCollectionViewLayout.swift */,
				FB4A6A3922267758001AC448 /* BoardCollectionViewCell.swift */,
				FBE9EC43222E72D000D4F6A0 /* ControleTableViewCell.swift */,
				FBE9EC45222E72E200D4F6A0 /* FichierTableViewCell.swift */,
				FBE9EC47222E72F100D4F6A0 /* CommentaireTableViewCell.swift */,
				FBF02011223B993B0076E9E6 /* HeaderDetailsTableViewCell.swift */,
				FBF02017223BE1BF0076E9E6 /* DateSelectionView.swift */,
				FBF02018223BE1BF0076E9E6 /* DateSelectionView.xib */,
				FB70A4982292B54C0041E090 /* HomeCollectionViewCell.swift */,
				FB70A4962292B5410041E090 /* MenuLayout.swift */,
			);
			path = Views;
			sourceTree = "<group>";
		};
		FB0E0F782200477B0043E345 /* Utils */ = {
			isa = PBXGroup;
			children = (
				FB0E0F7C220047990043E345 /* Utils.swift */,
				FB0E0F7E220047A90043E345 /* Version.swift */,
			);
			path = Utils;
			sourceTree = "<group>";
		};
		FB0E0F792200477B0043E345 /* ViewControllers */ = {
			isa = PBXGroup;
			children = (
				FB0E0F8122005BCF0043E345 /* AuthentificationViewController.swift */,
				FB70A4942292AC670041E090 /* AccueilViewController.swift */,
				FB0E0F8322005BE40043E345 /* HomeViewController.swift */,
				FB70A49A2292CFEF0041E090 /* AccountViewController.swift */,
				FBCDF9DB22086FE200BDA0F8 /* FiltreMenuViewController.swift */,
				FB8831D02293D5AD0021D03D /* ListeIndicateursViewController.swift */,
				FBF26C8022155D2B00D271AC /* ListeCategoriesViewController.swift */,
				FBF26C8422156E5700D271AC /* ListeGroupesViewController.swift */,
				FBFDC0F72216A8C000A67042 /* KPIIndicatorsViewController.swift */,
				FB4A6A3522267731001AC448 /* BoardCollectionViewController.swift */,
				FBE9EC3F222E5C4D00D4F6A0 /* DetailsTacheViewController.swift */,
				FBF02015223BA9A30076E9E6 /* AddCheckListTacheViewController.swift */,
				FBF02013223BA3710076E9E6 /* AddCommentaireTacheViewController.swift */,
				FB62938F224A749500FFEA10 /* AddFileTacheViewController.swift */,
				FB4A6A4C22267DF8001AC448 /* ProcessRadarViewController.swift */,
				FB4A6A4E22267FC3001AC448 /* ReportingViewController.swift */,
				FB503B13223666EF006C4D90 /* DocumentViewController.swift */,
				FB44EEF52255FD4700C98638 /* PiliersProcessViewController.swift */,
				FB44EEF72255FD6E00C98638 /* ListeQuestionPilierViewController.swift */,
				FB5B331622686ADC00CD9F80 /* UpdateQuestionPilierViewController.swift */,
			);
			path = ViewControllers;
			sourceTree = "<group>";
		};
		FB0E0F7A2200477C0043E345 /* Resources */ = {
			isa = PBXGroup;
			children = (
			);
			path = Resources;
			sourceTree = "<group>";
		};
		FB0E0F80220056DA0043E345 /* WSQueries */ = {
			isa = PBXGroup;
			children = (
				FB646A00221189A100084D7F /* WSQueries.swift */,
			);
			path = WSQueries;
			sourceTree = "<group>";
		};
		FB4A6A3B22267DCB001AC448 /* AAInfographics */ = {
			isa = PBXGroup;
			children = (
				FB4A6A3C22267DCB001AC448 /* LICENSE */,
				FB4A6A3D22267DCB001AC448 /* README.md */,
				FB4A6A3E22267DCB001AC448 /* AAInfographics */,
			);
			path = AAInfographics;
			sourceTree = "<group>";
		};
		FB4A6A3E22267DCB001AC448 /* AAInfographics */ = {
			isa = PBXGroup;
			children = (
				FB4A6A3F22267DCB001AC448 /* AAChartCreator */,
				FB4A6A4422267DCB001AC448 /* AAJSFiles.bundle */,
			);
			path = AAInfographics;
			sourceTree = "<group>";
		};
		FB4A6A3F22267DCB001AC448 /* AAChartCreator */ = {
			isa = PBXGroup;
			children = (
				FB4A6A4022267DCB001AC448 /* AAChartView.swift */,
				FB4A6A4122267DCB001AC448 /* AAChartModel.swift */,
				FB4A6A4222267DCB001AC448 /* AASerializable.swift */,
				FB4A6A4322267DCB001AC448 /* AASeriesElement.swift */,
			);
			path = AAChartCreator;
			sourceTree = "<group>";
		};
		FB6469FB221188C200084D7F /* Models */ = {
			isa = PBXGroup;
			children = (
				FB6469FC221188C200084D7F /* Utilisateur.swift */,
				FB6469FD221188C200084D7F /* UtilisateurResponseWSAuth.swift */,
				FB682DBC2211ADF3001DE572 /* DataUserResponseWSAuth.swift */,
				FBE63E152212B3740027F6E2 /* DataUtilesWSResponse.swift */,
				FBE63E172212B5410027F6E2 /* DataUtiles.swift */,
				FBE63E0B2212AA390027F6E2 /* Langue.swift */,
				FBE63E0D2212AC0D0027F6E2 /* Pays.swift */,
				FB75543622BD143500A52CA2 /* Direction.swift */,
				FBE63E0F2212AC790027F6E2 /* Zone.swift */,
				FBE63E112212AC840027F6E2 /* Groupe.swift */,
				FBE63E132212B08C0027F6E2 /* Dealer.swift */,
				FBE63E192212C1C70027F6E2 /* DataRadarWSResponse.swift */,
				FBE63E1B2212C2060027F6E2 /* DataRadar.swift */,
				FBF26C7C221555FB00D271AC /* Categorie.swift */,
				FBF26C7E221556C000D271AC /* DataCategoriesWSResponse.swift */,
				FBF26C8622156EC500D271AC /* DataGroupeKPIWSResponse.swift */,
				FBF26C8722156EC600D271AC /* GroupeKPI.swift */,
				FBFDC0F12216A23800A67042 /* DataKPIsWSResponse.swift */,
				FBFDC0EF2216A20300A67042 /* KPI.swift */,
				FBFDC0F32216A39900A67042 /* KPILigne.swift */,
				FBFDC0F52216A4E600A67042 /* StyleKPILigne.swift */,
				FB720EE72223F2A100D0920F /* IndicateurKPISection.swift */,
				FB0268C52297C9B90065DB0F /* IndicateurKPIGrid.swift */,
				FBD2AFE62231132700D9D517 /* DataForceTerrainToDoListWSResponse.swift */,
				FB4A6A3722267746001AC448 /* Board.swift */,
				FBE9EC3D222E5BB900D4F6A0 /* Tache.swift */,
				FBD2AFE8223150FE00D9D517 /* CheckList.swift */,
				FBD2AFEA2231513900D9D517 /* Comment.swift */,
				FBD2AFEC2231539C00D9D517 /* File.swift */,
				FBB9318A224E2FE500E28751 /* TacheForceTerrainWSResponse.swift */,
				FBB9318C224E34E700E28751 /* DataTask.swift */,
				FB0FA022225B845100B2B2A9 /* ListePiliersWSResponse.swift */,
				FB44EEF92255FF5700C98638 /* Pilier.swift */,
				FB0FA026225B8E4100B2B2A9 /* QuestionPiliersWSResponse.swift */,
				FB44EEFD225602FB00C98638 /* ItemQuestionPilier.swift */,
				FB0FA028225B915C00B2B2A9 /* QuestionPilier.swift */,
				FB569660226478F0002B61A9 /* MonthQuestionPilier.swift */,
				FB2F791C22B9300B0039AF0B /* GetActionPlansWSResponse.swift */,
				FB0BC51922B39EF2002B6C0D /* Famille.swift */,
				FB2F791822B921CC0039AF0B /* CategorieFamille.swift */,
				FB2F791A22B921E70039AF0B /* KPICategorieFamille.swift */,
			);
			path = Models;
			sourceTree = "<group>";
		};
		FBE2EC652201EFD9004B44DF /* LeftMenu */ = {
			isa = PBXGroup;
			children = (
				FBE2EC6C2201F064004B44DF /* CustomCell.swift */,
				FBE2EC6A2201F006004B44DF /* ExampleData.swift */,
				FBE2EC662201EFD9004B44DF /* MenuTableViewCell.swift */,
				FBE2EC672201EFD9004B44DF /* LeftMenuViewController.swift */,
			);
			path = LeftMenu;
			sourceTree = "<group>";
		};
		FBF15B2921DFA8AB006A7341 = {
			isa = PBXGroup;
			children = (
				FBF15B3421DFA8AB006A7341 /* Portail G9 */,
				FBF15B4E21DFA8AC006A7341 /* Portail G9Tests */,
				FBF15B5921DFA8AC006A7341 /* Portail G9UITests */,
				FBF15B3321DFA8AB006A7341 /* Products */,
				BF0C7E61D5D4E5E4D7EEC518 /* Pods */,
				9B1266ED547F27AFCC81C5B8 /* Frameworks */,
			);
			sourceTree = "<group>";
		};
		FBF15B3321DFA8AB006A7341 /* Products */ = {
			isa = PBXGroup;
			children = (
				FBF15B3221DFA8AB006A7341 /* Portail G9.app */,
				FBF15B4B21DFA8AC006A7341 /* Portail G9Tests.xctest */,
				FBF15B5621DFA8AC006A7341 /* Portail G9UITests.xctest */,
			);
			name = Products;
			sourceTree = "<group>";
		};
		FBF15B3421DFA8AB006A7341 /* Portail G9 */ = {
			isa = PBXGroup;
			children = (
				FBF15B3521DFA8AB006A7341 /* AppDelegate.swift */,
				FB6469FB221188C200084D7F /* Models */,
				FB0E0F7A2200477C0043E345 /* Resources */,
				FB0E0F782200477B0043E345 /* Utils */,
				FB0E0F792200477B0043E345 /* ViewControllers */,
				FB0E0F772200477B0043E345 /* Views */,
				FB0E0F80220056DA0043E345 /* WSQueries */,
				FB0E0F7522003E680043E345 /* Portail G9.entitlements */,
				FBF15B3E21DFA8AB006A7341 /* Main.storyboard */,
				FBF15B4121DFA8AC006A7341 /* Assets.xcassets */,
				FBF15B4321DFA8AC006A7341 /* LaunchScreen.storyboard */,
				FBF15B4621DFA8AC006A7341 /* Info.plist */,
				FB0E0F7322003E3F0043E345 /* GoogleService-Info.plist */,
				FBF15B3721DFA8AB006A7341 /* Portail_G9.xcdatamodeld */,
				FB0E0F8722005DAD0043E345 /* Localizable.strings */,
			);
			path = "Portail G9";
			sourceTree = "<group>";
		};
		FBF15B4E21DFA8AC006A7341 /* Portail G9Tests */ = {
			isa = PBXGroup;
			children = (
				FBF15B4F21DFA8AC006A7341 /* Portail_G9Tests.swift */,
				FBF15B5121DFA8AC006A7341 /* Info.plist */,
			);
			path = "Portail G9Tests";
			sourceTree = "<group>";
		};
		FBF15B5921DFA8AC006A7341 /* Portail G9UITests */ = {
			isa = PBXGroup;
			children = (
				FBF15B5A21DFA8AC006A7341 /* Portail_G9UITests.swift */,
				FBF15B5C21DFA8AC006A7341 /* Info.plist */,
			);
			path = "Portail G9UITests";
			sourceTree = "<group>";
		};
/* End PBXGroup section */

/* Begin PBXNativeTarget section */
		FBF15B3121DFA8AB006A7341 /* Portail G9 */ = {
			isa = PBXNativeTarget;
			buildConfigurationList = FBF15B5F21DFA8AC006A7341 /* Build configuration list for PBXNativeTarget "Portail G9" */;
			buildPhases = (
				7930E56BF91B20A70441A91C /* [CP] Check Pods Manifest.lock */,
				FBF15B2E21DFA8AB006A7341 /* Sources */,
				FBF15B2F21DFA8AB006A7341 /* Frameworks */,
				FBF15B3021DFA8AB006A7341 /* Resources */,
				10511FD4852E5F185527B0CE /* [CP] Embed Pods Frameworks */,
				FB0E0F76220041580043E345 /* ShellScript */,
			);
			buildRules = (
			);
			dependencies = (
			);
			name = "Portail G9";
			productName = "Portail G9";
			productReference = FBF15B3221DFA8AB006A7341 /* Portail G9.app */;
			productType = "com.apple.product-type.application";
		};
		FBF15B4A21DFA8AC006A7341 /* Portail G9Tests */ = {
			isa = PBXNativeTarget;
			buildConfigurationList = FBF15B6221DFA8AC006A7341 /* Build configuration list for PBXNativeTarget "Portail G9Tests" */;
			buildPhases = (
				3179EC8693029053FBAD096C /* [CP] Check Pods Manifest.lock */,
				FBF15B4721DFA8AC006A7341 /* Sources */,
				FBF15B4821DFA8AC006A7341 /* Frameworks */,
				FBF15B4921DFA8AC006A7341 /* Resources */,
			);
			buildRules = (
			);
			dependencies = (
				FBF15B4D21DFA8AC006A7341 /* PBXTargetDependency */,
			);
			name = "Portail G9Tests";
			productName = "Portail G9Tests";
			productReference = FBF15B4B21DFA8AC006A7341 /* Portail G9Tests.xctest */;
			productType = "com.apple.product-type.bundle.unit-test";
		};
		FBF15B5521DFA8AC006A7341 /* Portail G9UITests */ = {
			isa = PBXNativeTarget;
			buildConfigurationList = FBF15B6521DFA8AC006A7341 /* Build configuration list for PBXNativeTarget "Portail G9UITests" */;
			buildPhases = (
				320E23D2CD163BEF85F27A1E /* [CP] Check Pods Manifest.lock */,
				FBF15B5221DFA8AC006A7341 /* Sources */,
				FBF15B5321DFA8AC006A7341 /* Frameworks */,
				FBF15B5421DFA8AC006A7341 /* Resources */,
			);
			buildRules = (
			);
			dependencies = (
				FBF15B5821DFA8AC006A7341 /* PBXTargetDependency */,
			);
			name = "Portail G9UITests";
			productName = "Portail G9UITests";
			productReference = FBF15B5621DFA8AC006A7341 /* Portail G9UITests.xctest */;
			productType = "com.apple.product-type.bundle.ui-testing";
		};
/* End PBXNativeTarget section */

/* Begin PBXProject section */
		FBF15B2A21DFA8AB006A7341 /* Project object */ = {
			isa = PBXProject;
			attributes = {
				LastSwiftUpdateCheck = 1010;
				LastUpgradeCheck = 1010;
				ORGANIZATIONNAME = Orcaformation;
				TargetAttributes = {
					FBF15B3121DFA8AB006A7341 = {
						CreatedOnToolsVersion = 10.1;
						SystemCapabilities = {
							com.apple.BackgroundModes = {
								enabled = 1;
							};
							com.apple.Push = {
								enabled = 1;
							};
						};
					};
					FBF15B4A21DFA8AC006A7341 = {
						CreatedOnToolsVersion = 10.1;
						TestTargetID = FBF15B3121DFA8AB006A7341;
					};
					FBF15B5521DFA8AC006A7341 = {
						CreatedOnToolsVersion = 10.1;
						TestTargetID = FBF15B3121DFA8AB006A7341;
					};
				};
			};
			buildConfigurationList = FBF15B2D21DFA8AB006A7341 /* Build configuration list for PBXProject "Portail G9" */;
			compatibilityVersion = "Xcode 9.3";
			developmentRegion = en;
			hasScannedForEncodings = 0;
			knownRegions = (
				en,
				Base,
				fr,
				pl,
				de,
				it,
				"de-AT",
				"de-CH",
				"en-GB",
			);
			mainGroup = FBF15B2921DFA8AB006A7341;
			productRefGroup = FBF15B3321DFA8AB006A7341 /* Products */;
			projectDirPath = "";
			projectRoot = "";
			targets = (
				FBF15B3121DFA8AB006A7341 /* Portail G9 */,
				FBF15B4A21DFA8AC006A7341 /* Portail G9Tests */,
				FBF15B5521DFA8AC006A7341 /* Portail G9UITests */,
			);
		};
/* End PBXProject section */

/* Begin PBXResourcesBuildPhase section */
		FBF15B3021DFA8AB006A7341 /* Resources */ = {
			isa = PBXResourcesBuildPhase;
			buildActionMask = 2147483647;
			files = (
				FB4A6A4522267DCB001AC448 /* LICENSE in Resources */,
				FB0E0F8922005DAD0043E345 /* Localizable.strings in Resources */,
				FB02ACF62236993600843B66 /* Info.plist in Resources */,
				FB4A6A4B22267DCB001AC448 /* AAJSFiles.bundle in Resources */,
				FBF15B4521DFA8AC006A7341 /* LaunchScreen.storyboard in Resources */,
				FBF0201A223BE1BF0076E9E6 /* DateSelectionView.xib in Resources */,
				FB4A6A4622267DCB001AC448 /* README.md in Resources */,
				FB0E0F7422003E3F0043E345 /* GoogleService-Info.plist in Resources */,
				FBF15B4221DFA8AC006A7341 /* Assets.xcassets in Resources */,
				FBF15B4021DFA8AB006A7341 /* Main.storyboard in Resources */,
			);
			runOnlyForDeploymentPostprocessing = 0;
		};
		FBF15B4921DFA8AC006A7341 /* Resources */ = {
			isa = PBXResourcesBuildPhase;
			buildActionMask = 2147483647;
			files = (
			);
			runOnlyForDeploymentPostprocessing = 0;
		};
		FBF15B5421DFA8AC006A7341 /* Resources */ = {
			isa = PBXResourcesBuildPhase;
			buildActionMask = 2147483647;
			files = (
			);
			runOnlyForDeploymentPostprocessing = 0;
		};
/* End PBXResourcesBuildPhase section */

/* Begin PBXShellScriptBuildPhase section */
		10511FD4852E5F185527B0CE /* [CP] Embed Pods Frameworks */ = {
			isa = PBXShellScriptBuildPhase;
			buildActionMask = 2147483647;
			files = (
			);
			inputPaths = (
				"${SRCROOT}/Pods/Target Support Files/Pods-Portail G9/Pods-Portail G9-frameworks.sh",
				"${BUILT_PRODUCTS_DIR}/AAInfographics/AAInfographics.framework",
				"${BUILT_PRODUCTS_DIR}/ABGaugeViewKit/ABGaugeViewKit.framework",
				"${BUILT_PRODUCTS_DIR}/Alamofire/Alamofire.framework",
				"${BUILT_PRODUCTS_DIR}/AlamofireObjectMapper/AlamofireObjectMapper.framework",
				"${BUILT_PRODUCTS_DIR}/CollapsibleTableSectionViewController/CollapsibleTableSectionViewController.framework",
				"${BUILT_PRODUCTS_DIR}/CropViewController/CropViewController.framework",
				"${BUILT_PRODUCTS_DIR}/GoogleUtilities/GoogleUtilities.framework",
				"${BUILT_PRODUCTS_DIR}/IQKeyboardManagerSwift/IQKeyboardManagerSwift.framework",
				"${BUILT_PRODUCTS_DIR}/NVActivityIndicatorView/NVActivityIndicatorView.framework",
				"${BUILT_PRODUCTS_DIR}/ObjectMapper/ObjectMapper.framework",
				"${BUILT_PRODUCTS_DIR}/Protobuf/Protobuf.framework",
				"${BUILT_PRODUCTS_DIR}/RSSelectionMenu/RSSelectionMenu.framework",
				"${BUILT_PRODUCTS_DIR}/ReachabilitySwift/Reachability.framework",
				"${BUILT_PRODUCTS_DIR}/SDWebImage/SDWebImage.framework",
				"${BUILT_PRODUCTS_DIR}/SideMenu/SideMenu.framework",
				"${BUILT_PRODUCTS_DIR}/WeScan/WeScan.framework",
				"${BUILT_PRODUCTS_DIR}/nanopb/nanopb.framework",
			);
			name = "[CP] Embed Pods Frameworks";
			outputPaths = (
				"${TARGET_BUILD_DIR}/${FRAMEWORKS_FOLDER_PATH}/AAInfographics.framework",
				"${TARGET_BUILD_DIR}/${FRAMEWORKS_FOLDER_PATH}/ABGaugeViewKit.framework",
				"${TARGET_BUILD_DIR}/${FRAMEWORKS_FOLDER_PATH}/Alamofire.framework",
				"${TARGET_BUILD_DIR}/${FRAMEWORKS_FOLDER_PATH}/AlamofireObjectMapper.framework",
				"${TARGET_BUILD_DIR}/${FRAMEWORKS_FOLDER_PATH}/CollapsibleTableSectionViewController.framework",
				"${TARGET_BUILD_DIR}/${FRAMEWORKS_FOLDER_PATH}/CropViewController.framework",
				"${TARGET_BUILD_DIR}/${FRAMEWORKS_FOLDER_PATH}/GoogleUtilities.framework",
				"${TARGET_BUILD_DIR}/${FRAMEWORKS_FOLDER_PATH}/IQKeyboardManagerSwift.framework",
				"${TARGET_BUILD_DIR}/${FRAMEWORKS_FOLDER_PATH}/NVActivityIndicatorView.framework",
				"${TARGET_BUILD_DIR}/${FRAMEWORKS_FOLDER_PATH}/ObjectMapper.framework",
				"${TARGET_BUILD_DIR}/${FRAMEWORKS_FOLDER_PATH}/Protobuf.framework",
				"${TARGET_BUILD_DIR}/${FRAMEWORKS_FOLDER_PATH}/RSSelectionMenu.framework",
				"${TARGET_BUILD_DIR}/${FRAMEWORKS_FOLDER_PATH}/Reachability.framework",
				"${TARGET_BUILD_DIR}/${FRAMEWORKS_FOLDER_PATH}/SDWebImage.framework",
				"${TARGET_BUILD_DIR}/${FRAMEWORKS_FOLDER_PATH}/SideMenu.framework",
				"${TARGET_BUILD_DIR}/${FRAMEWORKS_FOLDER_PATH}/WeScan.framework",
				"${TARGET_BUILD_DIR}/${FRAMEWORKS_FOLDER_PATH}/nanopb.framework",
			);
			runOnlyForDeploymentPostprocessing = 0;
			shellPath = /bin/sh;
			shellScript = "\"${SRCROOT}/Pods/Target Support Files/Pods-Portail G9/Pods-Portail G9-frameworks.sh\"\n";
			showEnvVarsInLog = 0;
		};
		3179EC8693029053FBAD096C /* [CP] Check Pods Manifest.lock */ = {
			isa = PBXShellScriptBuildPhase;
			buildActionMask = 2147483647;
			files = (
			);
			inputPaths = (
				"${PODS_PODFILE_DIR_PATH}/Podfile.lock",
				"${PODS_ROOT}/Manifest.lock",
			);
			name = "[CP] Check Pods Manifest.lock";
			outputPaths = (
				"$(DERIVED_FILE_DIR)/Pods-Portail G9Tests-checkManifestLockResult.txt",
			);
			runOnlyForDeploymentPostprocessing = 0;
			shellPath = /bin/sh;
			shellScript = "diff \"${PODS_PODFILE_DIR_PATH}/Podfile.lock\" \"${PODS_ROOT}/Manifest.lock\" > /dev/null\nif [ $? != 0 ] ; then\n    # print error to STDERR\n    echo \"error: The sandbox is not in sync with the Podfile.lock. Run 'pod install' or update your CocoaPods installation.\" >&2\n    exit 1\nfi\n# This output is used by Xcode 'outputs' to avoid re-running this script phase.\necho \"SUCCESS\" > \"${SCRIPT_OUTPUT_FILE_0}\"\n";
			showEnvVarsInLog = 0;
		};
		320E23D2CD163BEF85F27A1E /* [CP] Check Pods Manifest.lock */ = {
			isa = PBXShellScriptBuildPhase;
			buildActionMask = 2147483647;
			files = (
			);
			inputPaths = (
				"${PODS_PODFILE_DIR_PATH}/Podfile.lock",
				"${PODS_ROOT}/Manifest.lock",
			);
			name = "[CP] Check Pods Manifest.lock";
			outputPaths = (
				"$(DERIVED_FILE_DIR)/Pods-Portail G9UITests-checkManifestLockResult.txt",
			);
			runOnlyForDeploymentPostprocessing = 0;
			shellPath = /bin/sh;
			shellScript = "diff \"${PODS_PODFILE_DIR_PATH}/Podfile.lock\" \"${PODS_ROOT}/Manifest.lock\" > /dev/null\nif [ $? != 0 ] ; then\n    # print error to STDERR\n    echo \"error: The sandbox is not in sync with the Podfile.lock. Run 'pod install' or update your CocoaPods installation.\" >&2\n    exit 1\nfi\n# This output is used by Xcode 'outputs' to avoid re-running this script phase.\necho \"SUCCESS\" > \"${SCRIPT_OUTPUT_FILE_0}\"\n";
			showEnvVarsInLog = 0;
		};
		7930E56BF91B20A70441A91C /* [CP] Check Pods Manifest.lock */ = {
			isa = PBXShellScriptBuildPhase;
			buildActionMask = 2147483647;
			files = (
			);
			inputPaths = (
				"${PODS_PODFILE_DIR_PATH}/Podfile.lock",
				"${PODS_ROOT}/Manifest.lock",
			);
			name = "[CP] Check Pods Manifest.lock";
			outputPaths = (
				"$(DERIVED_FILE_DIR)/Pods-Portail G9-checkManifestLockResult.txt",
			);
			runOnlyForDeploymentPostprocessing = 0;
			shellPath = /bin/sh;
			shellScript = "diff \"${PODS_PODFILE_DIR_PATH}/Podfile.lock\" \"${PODS_ROOT}/Manifest.lock\" > /dev/null\nif [ $? != 0 ] ; then\n    # print error to STDERR\n    echo \"error: The sandbox is not in sync with the Podfile.lock. Run 'pod install' or update your CocoaPods installation.\" >&2\n    exit 1\nfi\n# This output is used by Xcode 'outputs' to avoid re-running this script phase.\necho \"SUCCESS\" > \"${SCRIPT_OUTPUT_FILE_0}\"\n";
			showEnvVarsInLog = 0;
		};
		FB0E0F76220041580043E345 /* ShellScript */ = {
			isa = PBXShellScriptBuildPhase;
			buildActionMask = 2147483647;
			files = (
			);
			inputPaths = (
			);
			outputPaths = (
			);
			runOnlyForDeploymentPostprocessing = 0;
			shellPath = /bin/sh;
			shellScript = "# Type a script or drag a script file from your workspace to insert its path.\n\"${PODS_ROOT}/Fabric/run\"\n";
		};
/* End PBXShellScriptBuildPhase section */

/* Begin PBXSourcesBuildPhase section */
		FBF15B2E21DFA8AB006A7341 /* Sources */ = {
			isa = PBXSourcesBuildPhase;
			buildActionMask = 2147483647;
			files = (
				FB5B331722686ADC00CD9F80 /* UpdateQuestionPilierViewController.swift in Sources */,
				FB0E0F7D220047990043E345 /* Utils.swift in Sources */,
				FBF26C8822156EC600D271AC /* DataGroupeKPIWSResponse.swift in Sources */,
				FBF26C8122155D2B00D271AC /* ListeCategoriesViewController.swift in Sources */,
				FB02ACF12236993600843B66 /* UIColorExtension.swift in Sources */,
				FB74033F2293D7A000438F7B /* ListeIndicateurTableViewCell.swift in Sources */,
				FB4A6A4D22267DF8001AC448 /* ProcessRadarViewController.swift in Sources */,
				FBF15B3621DFA8AB006A7341 /* AppDelegate.swift in Sources */,
				FB4A6A3822267746001AC448 /* Board.swift in Sources */,
				FB8831D12293D5AD0021D03D /* ListeIndicateursViewController.swift in Sources */,
				FB0FA027225B8E4100B2B2A9 /* QuestionPiliersWSResponse.swift in Sources */,
				FB02ACF52236993600843B66 /* ColorPickerViewDelegate.swift in Sources */,
				FB646A01221189A100084D7F /* WSQueries.swift in Sources */,
				FBE2EC6D2201F064004B44DF /* CustomCell.swift in Sources */,
				FBE2EC682201EFD9004B44DF /* MenuTableViewCell.swift in Sources */,
				FBFDC0F02216A20300A67042 /* KPI.swift in Sources */,
				FB05221622084B27000556E1 /* FiltreCollectionViewCell.swift in Sources */,
				FB75543722BD143500A52CA2 /* Direction.swift in Sources */,
				FB02ACF22236993600843B66 /* ColorPickerView.swift in Sources */,
				FBCDF9DC22086FE200BDA0F8 /* FiltreMenuViewController.swift in Sources */,
				FB70A4952292AC670041E090 /* AccueilViewController.swift in Sources */,
				FB2F791B22B921E70039AF0B /* KPICategorieFamille.swift in Sources */,
				FB02ACF72236993600843B66 /* HSB.swift in Sources */,
				FBE9EC3E222E5BB900D4F6A0 /* Tache.swift in Sources */,
				FBF15B3921DFA8AB006A7341 /* Portail_G9.xcdatamodeld in Sources */,
				FBE63E162212B3740027F6E2 /* DataUtilesWSResponse.swift in Sources */,
				FB682DBD2211ADF3001DE572 /* DataUserResponseWSAuth.swift in Sources */,
				FBE9EC48222E72F100D4F6A0 /* CommentaireTableViewCell.swift in Sources */,
				FBD2AFEB2231513900D9D517 /* Comment.swift in Sources */,
				FBE63E0C2212AA390027F6E2 /* Langue.swift in Sources */,
				FB70A49B2292CFEF0041E090 /* AccountViewController.swift in Sources */,
				FBFDC0F62216A4E600A67042 /* StyleKPILigne.swift in Sources */,
				FB02ACF32236993600843B66 /* ColorSpaceConverter.swift in Sources */,
				FB4A6A4922267DCB001AC448 /* AASerializable.swift in Sources */,
				FBB9318D224E34E700E28751 /* DataTask.swift in Sources */,
				FB44EEF82255FD6E00C98638 /* ListeQuestionPilierViewController.swift in Sources */,
				FB0268C62297C9B90065DB0F /* IndicateurKPIGrid.swift in Sources */,
				FB02ACFD2236A6C100843B66 /* ColorEditorViewController.swift in Sources */,
				FBE9EC46222E72E200D4F6A0 /* FichierTableViewCell.swift in Sources */,
				FB44EEF62255FD4700C98638 /* PiliersProcessViewController.swift in Sources */,
				FBE63E182212B5410027F6E2 /* DataUtiles.swift in Sources */,
				FBB9318B224E2FE500E28751 /* TacheForceTerrainWSResponse.swift in Sources */,
				FBE9EC44222E72D000D4F6A0 /* ControleTableViewCell.swift in Sources */,
				FB6469FE221188C200084D7F /* Utilisateur.swift in Sources */,
				FBD2AFE72231132700D9D517 /* DataForceTerrainToDoListWSResponse.swift in Sources */,
				FB0E0F8222005BCF0043E345 /* AuthentificationViewController.swift in Sources */,
				FBFDC0F82216A8C000A67042 /* KPIIndicatorsViewController.swift in Sources */,
				FBF02019223BE1BF0076E9E6 /* DateSelectionView.swift in Sources */,
				FBFDC0F22216A23800A67042 /* DataKPIsWSResponse.swift in Sources */,
				FB720EE82223F2A100D0920F /* IndicateurKPISection.swift in Sources */,
				FBF26C7F221556C000D271AC /* DataCategoriesWSResponse.swift in Sources */,
				FB0E0F7F220047A90043E345 /* Version.swift in Sources */,
				FB05221822084CAE000556E1 /* FiltreView.swift in Sources */,
				FB0FA023225B845100B2B2A9 /* ListePiliersWSResponse.swift in Sources */,
				FB629390224A749500FFEA10 /* AddFileTacheViewController.swift in Sources */,
				FBE63E0E2212AC0D0027F6E2 /* Pays.swift in Sources */,
				FB6469FF221188C200084D7F /* UtilisateurResponseWSAuth.swift in Sources */,
				FB569661226478F0002B61A9 /* MonthQuestionPilier.swift in Sources */,
				FBFDC0FA2216AF8400A67042 /* KPICollectionViewCell.swift in Sources */,
				FBF26C7D221555FB00D271AC /* Categorie.swift in Sources */,
				FB70A4992292B54C0041E090 /* HomeCollectionViewCell.swift in Sources */,
				FBF26C8922156EC600D271AC /* GroupeKPI.swift in Sources */,
				FB44EF002256061100C98638 /* ListeQuestionPilierTableViewCell.swift in Sources */,
				FBD2AFE9223150FE00D9D517 /* CheckList.swift in Sources */,
				FB2F791922B921CC0039AF0B /* CategorieFamille.swift in Sources */,
				FBE2EC692201EFD9004B44DF /* LeftMenuViewController.swift in Sources */,
				FBF26C8522156E5800D271AC /* ListeGroupesViewController.swift in Sources */,
				FBF26C8B2215713700D271AC /* ListeGroupesTableViewCell.swift in Sources */,
				FB44EEFC225601FC00C98638 /* ListePilierTableViewCell.swift in Sources */,
				FB0FA029225B915C00B2B2A9 /* QuestionPilier.swift in Sources */,
				FBE63E102212AC790027F6E2 /* Zone.swift in Sources */,
				FBF02014223BA3710076E9E6 /* AddCommentaireTacheViewController.swift in Sources */,
				FB4A6A3622267731001AC448 /* BoardCollectionViewController.swift in Sources */,
				FB2F791D22B9300B0039AF0B /* GetActionPlansWSResponse.swift in Sources */,
				FB44EEFA2255FF5700C98638 /* Pilier.swift in Sources */,
				FB7FFB3F2296B95800D2F3E0 /* StickyGridCollectionViewLayout.swift in Sources */,
				FBF02012223B993B0076E9E6 /* HeaderDetailsTableViewCell.swift in Sources */,
				FB0E0F8422005BE40043E345 /* HomeViewController.swift in Sources */,
				FB503B14223666EF006C4D90 /* DocumentViewController.swift in Sources */,
				FBE2EC6B2201F006004B44DF /* ExampleData.swift in Sources */,
				FB0BC51A22B39EF2002B6C0D /* Famille.swift in Sources */,
				FBE63E142212B08C0027F6E2 /* Dealer.swift in Sources */,
				FB4A6A4A22267DCB001AC448 /* AASeriesElement.swift in Sources */,
				FBF02016223BA9A30076E9E6 /* AddCheckListTacheViewController.swift in Sources */,
				FB4A6A4722267DCB001AC448 /* AAChartView.swift in Sources */,
				FBE63E1A2212C1C70027F6E2 /* DataRadarWSResponse.swift in Sources */,
				FB4A6A4822267DCB001AC448 /* AAChartModel.swift in Sources */,
				FB4A6A3A22267758001AC448 /* BoardCollectionViewCell.swift in Sources */,
				FBE63E1C2212C2060027F6E2 /* DataRadar.swift in Sources */,
				FB70A4972292B5410041E090 /* MenuLayout.swift in Sources */,
				FBFDC0F42216A39900A67042 /* KPILigne.swift in Sources */,
				FBE63E122212AC840027F6E2 /* Groupe.swift in Sources */,
				FBF26C832215604300D271AC /* ListeCategoriesTableViewCell.swift in Sources */,
				FB44EEFE225602FB00C98638 /* ItemQuestionPilier.swift in Sources */,
				FBD2AFED2231539C00D9D517 /* File.swift in Sources */,
				FBC68560225BA0E900A60E1A /* QuestionPilierTableViewCell.swift in Sources */,
				FBE9EC40222E5C4D00D4F6A0 /* DetailsTacheViewController.swift in Sources */,
				FB4A6A4F22267FC3001AC448 /* ReportingViewController.swift in Sources */,
				FB02ACF42236993600843B66 /* RGB.swift in Sources */,
			);
			runOnlyForDeploymentPostprocessing = 0;
		};
		FBF15B4721DFA8AC006A7341 /* Sources */ = {
			isa = PBXSourcesBuildPhase;
			buildActionMask = 2147483647;
			files = (
				FBF15B5021DFA8AC006A7341 /* Portail_G9Tests.swift in Sources */,
			);
			runOnlyForDeploymentPostprocessing = 0;
		};
		FBF15B5221DFA8AC006A7341 /* Sources */ = {
			isa = PBXSourcesBuildPhase;
			buildActionMask = 2147483647;
			files = (
				FBF15B5B21DFA8AC006A7341 /* Portail_G9UITests.swift in Sources */,
			);
			runOnlyForDeploymentPostprocessing = 0;
		};
/* End PBXSourcesBuildPhase section */

/* Begin PBXTargetDependency section */
		FBF15B4D21DFA8AC006A7341 /* PBXTargetDependency */ = {
			isa = PBXTargetDependency;
			target = FBF15B3121DFA8AB006A7341 /* Portail G9 */;
			targetProxy = FBF15B4C21DFA8AC006A7341 /* PBXContainerItemProxy */;
		};
		FBF15B5821DFA8AC006A7341 /* PBXTargetDependency */ = {
			isa = PBXTargetDependency;
			target = FBF15B3121DFA8AB006A7341 /* Portail G9 */;
			targetProxy = FBF15B5721DFA8AC006A7341 /* PBXContainerItemProxy */;
		};
/* End PBXTargetDependency section */

/* Begin PBXVariantGroup section */
		FB0E0F8722005DAD0043E345 /* Localizable.strings */ = {
			isa = PBXVariantGroup;
			children = (
				FB0E0F8822005DAD0043E345 /* Base */,
				FB0E0F8A22005DC60043E345 /* fr */,
				FB0E0F8D22005F670043E345 /* pl */,
				FB378F9C22C3CA03008FE14F /* de */,
				FB378F9F22C3CA0D008FE14F /* it */,
				FB74E30E22C4A26D003DDF92 /* de-AT */,
				FB74E31122C4A2BA003DDF92 /* de-CH */,
				FB74E31422C4A3A1003DDF92 /* en-GB */,
			);
			name = Localizable.strings;
			sourceTree = "<group>";
		};
		FBF15B3E21DFA8AB006A7341 /* Main.storyboard */ = {
			isa = PBXVariantGroup;
			children = (
				FBF15B3F21DFA8AB006A7341 /* Base */,
				FB0E0F8522005CF80043E345 /* fr */,
				FB0E0F8B22005F660043E345 /* pl */,
				FB378F9A22C3CA02008FE14F /* de */,
				FB378F9D22C3CA0C008FE14F /* it */,
				FB74E30C22C4A26D003DDF92 /* de-AT */,
				FB74E30F22C4A2BA003DDF92 /* de-CH */,
				FB74E31222C4A3A1003DDF92 /* en-GB */,
			);
			name = Main.storyboard;
			sourceTree = "<group>";
		};
		FBF15B4321DFA8AC006A7341 /* LaunchScreen.storyboard */ = {
			isa = PBXVariantGroup;
			children = (
				FBF15B4421DFA8AC006A7341 /* Base */,
				FB0E0F8622005CF80043E345 /* fr */,
				FB0E0F8C22005F660043E345 /* pl */,
				FB378F9B22C3CA02008FE14F /* de */,
				FB378F9E22C3CA0D008FE14F /* it */,
				FB74E30D22C4A26D003DDF92 /* de-AT */,
				FB74E31022C4A2BA003DDF92 /* de-CH */,
				FB74E31322C4A3A1003DDF92 /* en-GB */,
			);
			name = LaunchScreen.storyboard;
			sourceTree = "<group>";
		};
/* End PBXVariantGroup section */

/* Begin XCBuildConfiguration section */
		FBF15B5D21DFA8AC006A7341 /* Debug */ = {
			isa = XCBuildConfiguration;
			buildSettings = {
				ALWAYS_SEARCH_USER_PATHS = NO;
				CLANG_ANALYZER_LOCALIZABILITY_NONLOCALIZED = YES;
				CLANG_ANALYZER_NONNULL = YES;
				CLANG_ANALYZER_NUMBER_OBJECT_CONVERSION = YES_AGGRESSIVE;
				CLANG_CXX_LANGUAGE_STANDARD = "gnu++14";
				CLANG_CXX_LIBRARY = "libc++";
				CLANG_ENABLE_MODULES = YES;
				CLANG_ENABLE_OBJC_ARC = YES;
				CLANG_ENABLE_OBJC_WEAK = YES;
				CLANG_WARN_BLOCK_CAPTURE_AUTORELEASING = YES;
				CLANG_WARN_BOOL_CONVERSION = YES;
				CLANG_WARN_COMMA = YES;
				CLANG_WARN_CONSTANT_CONVERSION = YES;
				CLANG_WARN_DEPRECATED_OBJC_IMPLEMENTATIONS = YES;
				CLANG_WARN_DIRECT_OBJC_ISA_USAGE = YES_ERROR;
				CLANG_WARN_DOCUMENTATION_COMMENTS = YES;
				CLANG_WARN_EMPTY_BODY = YES;
				CLANG_WARN_ENUM_CONVERSION = YES;
				CLANG_WARN_INFINITE_RECURSION = YES;
				CLANG_WARN_INT_CONVERSION = YES;
				CLANG_WARN_NON_LITERAL_NULL_CONVERSION = YES;
				CLANG_WARN_OBJC_IMPLICIT_RETAIN_SELF = YES;
				CLANG_WARN_OBJC_LITERAL_CONVERSION = YES;
				CLANG_WARN_OBJC_ROOT_CLASS = YES_ERROR;
				CLANG_WARN_RANGE_LOOP_ANALYSIS = YES;
				CLANG_WARN_STRICT_PROTOTYPES = YES;
				CLANG_WARN_SUSPICIOUS_MOVE = YES;
				CLANG_WARN_UNGUARDED_AVAILABILITY = YES_AGGRESSIVE;
				CLANG_WARN_UNREACHABLE_CODE = YES;
				CLANG_WARN__DUPLICATE_METHOD_MATCH = YES;
				CODE_SIGN_IDENTITY = "iPhone Developer";
				COPY_PHASE_STRIP = NO;
				DEBUG_INFORMATION_FORMAT = "dwarf-with-dsym";
				ENABLE_BITCODE = NO;
				ENABLE_STRICT_OBJC_MSGSEND = YES;
				ENABLE_TESTABILITY = YES;
				GCC_C_LANGUAGE_STANDARD = gnu11;
				GCC_DYNAMIC_NO_PIC = NO;
				GCC_NO_COMMON_BLOCKS = YES;
				GCC_OPTIMIZATION_LEVEL = 0;
				GCC_PREPROCESSOR_DEFINITIONS = (
					"DEBUG=1",
					"$(inherited)",
				);
				GCC_WARN_64_TO_32_BIT_CONVERSION = YES;
				GCC_WARN_ABOUT_RETURN_TYPE = YES_ERROR;
				GCC_WARN_UNDECLARED_SELECTOR = YES;
				GCC_WARN_UNINITIALIZED_AUTOS = YES_AGGRESSIVE;
				GCC_WARN_UNUSED_FUNCTION = YES;
				GCC_WARN_UNUSED_VARIABLE = YES;
				IPHONEOS_DEPLOYMENT_TARGET = 12.1;
				MTL_ENABLE_DEBUG_INFO = INCLUDE_SOURCE;
				MTL_FAST_MATH = YES;
				ONLY_ACTIVE_ARCH = YES;
				SDKROOT = iphoneos;
				SWIFT_ACTIVE_COMPILATION_CONDITIONS = DEBUG;
				SWIFT_OPTIMIZATION_LEVEL = "-Onone";
			};
			name = Debug;
		};
		FBF15B5E21DFA8AC006A7341 /* Release */ = {
			isa = XCBuildConfiguration;
			buildSettings = {
				ALWAYS_SEARCH_USER_PATHS = NO;
				CLANG_ANALYZER_LOCALIZABILITY_NONLOCALIZED = YES;
				CLANG_ANALYZER_NONNULL = YES;
				CLANG_ANALYZER_NUMBER_OBJECT_CONVERSION = YES_AGGRESSIVE;
				CLANG_CXX_LANGUAGE_STANDARD = "gnu++14";
				CLANG_CXX_LIBRARY = "libc++";
				CLANG_ENABLE_MODULES = YES;
				CLANG_ENABLE_OBJC_ARC = YES;
				CLANG_ENABLE_OBJC_WEAK = YES;
				CLANG_WARN_BLOCK_CAPTURE_AUTORELEASING = YES;
				CLANG_WARN_BOOL_CONVERSION = YES;
				CLANG_WARN_COMMA = YES;
				CLANG_WARN_CONSTANT_CONVERSION = YES;
				CLANG_WARN_DEPRECATED_OBJC_IMPLEMENTATIONS = YES;
				CLANG_WARN_DIRECT_OBJC_ISA_USAGE = YES_ERROR;
				CLANG_WARN_DOCUMENTATION_COMMENTS = YES;
				CLANG_WARN_EMPTY_BODY = YES;
				CLANG_WARN_ENUM_CONVERSION = YES;
				CLANG_WARN_INFINITE_RECURSION = YES;
				CLANG_WARN_INT_CONVERSION = YES;
				CLANG_WARN_NON_LITERAL_NULL_CONVERSION = YES;
				CLANG_WARN_OBJC_IMPLICIT_RETAIN_SELF = YES;
				CLANG_WARN_OBJC_LITERAL_CONVERSION = YES;
				CLANG_WARN_OBJC_ROOT_CLASS = YES_ERROR;
				CLANG_WARN_RANGE_LOOP_ANALYSIS = YES;
				CLANG_WARN_STRICT_PROTOTYPES = YES;
				CLANG_WARN_SUSPICIOUS_MOVE = YES;
				CLANG_WARN_UNGUARDED_AVAILABILITY = YES_AGGRESSIVE;
				CLANG_WARN_UNREACHABLE_CODE = YES;
				CLANG_WARN__DUPLICATE_METHOD_MATCH = YES;
				CODE_SIGN_IDENTITY = "iPhone Developer";
				COPY_PHASE_STRIP = NO;
				DEBUG_INFORMATION_FORMAT = "dwarf-with-dsym";
				ENABLE_BITCODE = NO;
				ENABLE_NS_ASSERTIONS = NO;
				ENABLE_STRICT_OBJC_MSGSEND = YES;
				GCC_C_LANGUAGE_STANDARD = gnu11;
				GCC_NO_COMMON_BLOCKS = YES;
				GCC_WARN_64_TO_32_BIT_CONVERSION = YES;
				GCC_WARN_ABOUT_RETURN_TYPE = YES_ERROR;
				GCC_WARN_UNDECLARED_SELECTOR = YES;
				GCC_WARN_UNINITIALIZED_AUTOS = YES_AGGRESSIVE;
				GCC_WARN_UNUSED_FUNCTION = YES;
				GCC_WARN_UNUSED_VARIABLE = YES;
				IPHONEOS_DEPLOYMENT_TARGET = 12.1;
				MTL_ENABLE_DEBUG_INFO = NO;
				MTL_FAST_MATH = YES;
				SDKROOT = iphoneos;
				SWIFT_COMPILATION_MODE = wholemodule;
				SWIFT_OPTIMIZATION_LEVEL = "-O";
				VALIDATE_PRODUCT = YES;
			};
			name = Release;
		};
		FBF15B6021DFA8AC006A7341 /* Debug */ = {
			isa = XCBuildConfiguration;
			baseConfigurationReference = DEBA8BF36EBDA599F1D5D83A /* Pods-Portail G9.debug.xcconfig */;
			buildSettings = {
				ASSETCATALOG_COMPILER_APPICON_NAME = AppIcon;
				CODE_SIGN_ENTITLEMENTS = "Portail G9/Portail G9.entitlements";
				CODE_SIGN_STYLE = Automatic;
				DEVELOPMENT_TEAM = 66HQ2XYQ7D;
				ENABLE_BITCODE = NO;
				INFOPLIST_FILE = "Portail G9/Info.plist";
				IPHONEOS_DEPLOYMENT_TARGET = 11.0;
				LD_RUNPATH_SEARCH_PATHS = (
					"$(inherited)",
					"@executable_path/Frameworks",
				);
				PRODUCT_BUNDLE_IDENTIFIER = "com.orcaformation.ios.r7.Portail-G9";
				PRODUCT_NAME = "$(TARGET_NAME)";
				SWIFT_VERSION = 4.2;
				TARGETED_DEVICE_FAMILY = "1,2";
			};
			name = Debug;
		};
		FBF15B6121DFA8AC006A7341 /* Release */ = {
			isa = XCBuildConfiguration;
			baseConfigurationReference = E9A87BE6D272529D39052BAB /* Pods-Portail G9.release.xcconfig */;
			buildSettings = {
				ASSETCATALOG_COMPILER_APPICON_NAME = AppIcon;
				CODE_SIGN_ENTITLEMENTS = "Portail G9/Portail G9.entitlements";
				CODE_SIGN_STYLE = Automatic;
				DEVELOPMENT_TEAM = 66HQ2XYQ7D;
				ENABLE_BITCODE = NO;
				INFOPLIST_FILE = "Portail G9/Info.plist";
				IPHONEOS_DEPLOYMENT_TARGET = 11.0;
				LD_RUNPATH_SEARCH_PATHS = (
					"$(inherited)",
					"@executable_path/Frameworks",
				);
				PRODUCT_BUNDLE_IDENTIFIER = "com.orcaformation.ios.r7.Portail-G9";
				PRODUCT_NAME = "$(TARGET_NAME)";
				SWIFT_VERSION = 4.2;
				TARGETED_DEVICE_FAMILY = "1,2";
			};
			name = Release;
		};
		FBF15B6321DFA8AC006A7341 /* Debug */ = {
			isa = XCBuildConfiguration;
			baseConfigurationReference = 2D8759015E8C656B4A68ABE4 /* Pods-Portail G9Tests.debug.xcconfig */;
			buildSettings = {
				ALWAYS_EMBED_SWIFT_STANDARD_LIBRARIES = YES;
				BUNDLE_LOADER = "$(TEST_HOST)";
				CODE_SIGN_STYLE = Automatic;
				DEVELOPMENT_TEAM = 66HQ2XYQ7D;
				INFOPLIST_FILE = "Portail G9Tests/Info.plist";
				LD_RUNPATH_SEARCH_PATHS = (
					"$(inherited)",
					"@executable_path/Frameworks",
					"@loader_path/Frameworks",
				);
				PRODUCT_BUNDLE_IDENTIFIER = "com.orcaformation.ios.r7.Portail-G9Tests";
				PRODUCT_NAME = "$(TARGET_NAME)";
				SWIFT_VERSION = 4.2;
				TARGETED_DEVICE_FAMILY = "1,2";
				TEST_HOST = "$(BUILT_PRODUCTS_DIR)/Portail G9.app/Portail G9";
			};
			name = Debug;
		};
		FBF15B6421DFA8AC006A7341 /* Release */ = {
			isa = XCBuildConfiguration;
			baseConfigurationReference = AC6308865E71A5AD648C99F5 /* Pods-Portail G9Tests.release.xcconfig */;
			buildSettings = {
				ALWAYS_EMBED_SWIFT_STANDARD_LIBRARIES = YES;
				BUNDLE_LOADER = "$(TEST_HOST)";
				CODE_SIGN_STYLE = Automatic;
				DEVELOPMENT_TEAM = 66HQ2XYQ7D;
				INFOPLIST_FILE = "Portail G9Tests/Info.plist";
				LD_RUNPATH_SEARCH_PATHS = (
					"$(inherited)",
					"@executable_path/Frameworks",
					"@loader_path/Frameworks",
				);
				PRODUCT_BUNDLE_IDENTIFIER = "com.orcaformation.ios.r7.Portail-G9Tests";
				PRODUCT_NAME = "$(TARGET_NAME)";
				SWIFT_VERSION = 4.2;
				TARGETED_DEVICE_FAMILY = "1,2";
				TEST_HOST = "$(BUILT_PRODUCTS_DIR)/Portail G9.app/Portail G9";
			};
			name = Release;
		};
		FBF15B6621DFA8AC006A7341 /* Debug */ = {
			isa = XCBuildConfiguration;
			baseConfigurationReference = 90AC3C3EC78B4D189C6B80EA /* Pods-Portail G9UITests.debug.xcconfig */;
			buildSettings = {
				ALWAYS_EMBED_SWIFT_STANDARD_LIBRARIES = YES;
				CODE_SIGN_STYLE = Automatic;
				DEVELOPMENT_TEAM = 66HQ2XYQ7D;
				INFOPLIST_FILE = "Portail G9UITests/Info.plist";
				LD_RUNPATH_SEARCH_PATHS = (
					"$(inherited)",
					"@executable_path/Frameworks",
					"@loader_path/Frameworks",
				);
				PRODUCT_BUNDLE_IDENTIFIER = "com.orcaformation.ios.r7.Portail-G9UITests";
				PRODUCT_NAME = "$(TARGET_NAME)";
				SWIFT_VERSION = 4.2;
				TARGETED_DEVICE_FAMILY = "1,2";
				TEST_TARGET_NAME = "Portail G9";
			};
			name = Debug;
		};
		FBF15B6721DFA8AC006A7341 /* Release */ = {
			isa = XCBuildConfiguration;
			baseConfigurationReference = 6330927CCAF7179E3B3FB4E0 /* Pods-Portail G9UITests.release.xcconfig */;
			buildSettings = {
				ALWAYS_EMBED_SWIFT_STANDARD_LIBRARIES = YES;
				CODE_SIGN_STYLE = Automatic;
				DEVELOPMENT_TEAM = 66HQ2XYQ7D;
				INFOPLIST_FILE = "Portail G9UITests/Info.plist";
				LD_RUNPATH_SEARCH_PATHS = (
					"$(inherited)",
					"@executable_path/Frameworks",
					"@loader_path/Frameworks",
				);
				PRODUCT_BUNDLE_IDENTIFIER = "com.orcaformation.ios.r7.Portail-G9UITests";
				PRODUCT_NAME = "$(TARGET_NAME)";
				SWIFT_VERSION = 4.2;
				TARGETED_DEVICE_FAMILY = "1,2";
				TEST_TARGET_NAME = "Portail G9";
			};
			name = Release;
		};
/* End XCBuildConfiguration section */

/* Begin XCConfigurationList section */
		FBF15B2D21DFA8AB006A7341 /* Build configuration list for PBXProject "Portail G9" */ = {
			isa = XCConfigurationList;
			buildConfigurations = (
				FBF15B5D21DFA8AC006A7341 /* Debug */,
				FBF15B5E21DFA8AC006A7341 /* Release */,
			);
			defaultConfigurationIsVisible = 0;
			defaultConfigurationName = Release;
		};
		FBF15B5F21DFA8AC006A7341 /* Build configuration list for PBXNativeTarget "Portail G9" */ = {
			isa = XCConfigurationList;
			buildConfigurations = (
				FBF15B6021DFA8AC006A7341 /* Debug */,
				FBF15B6121DFA8AC006A7341 /* Release */,
			);
			defaultConfigurationIsVisible = 0;
			defaultConfigurationName = Release;
		};
		FBF15B6221DFA8AC006A7341 /* Build configuration list for PBXNativeTarget "Portail G9Tests" */ = {
			isa = XCConfigurationList;
			buildConfigurations = (
				FBF15B6321DFA8AC006A7341 /* Debug */,
				FBF15B6421DFA8AC006A7341 /* Release */,
			);
			defaultConfigurationIsVisible = 0;
			defaultConfigurationName = Release;
		};
		FBF15B6521DFA8AC006A7341 /* Build configuration list for PBXNativeTarget "Portail G9UITests" */ = {
			isa = XCConfigurationList;
			buildConfigurations = (
				FBF15B6621DFA8AC006A7341 /* Debug */,
				FBF15B6721DFA8AC006A7341 /* Release */,
			);
			defaultConfigurationIsVisible = 0;
			defaultConfigurationName = Release;
		};
/* End XCConfigurationList section */

/* Begin XCVersionGroup section */
		FBF15B3721DFA8AB006A7341 /* Portail_G9.xcdatamodeld */ = {
			isa = XCVersionGroup;
			children = (
				FBF15B3821DFA8AB006A7341 /* Portail_G9.xcdatamodel */,
			);
			currentVersion = FBF15B3821DFA8AB006A7341 /* Portail_G9.xcdatamodel */;
			path = Portail_G9.xcdatamodeld;
			sourceTree = "<group>";
			versionGroupType = wrapper.xcdatamodel;
		};
/* End XCVersionGroup section */
	};
	rootObject = FBF15B2A21DFA8AB006A7341 /* Project object */;
}
